// !$*UTF8*$!
{
	archiveVersion = 1;
	classes = {
	};
	objectVersion = 50;
	objects = {

/* Begin PBXBuildFile section */
		17039679FCBD540BE19E0BBA /* Pods_uniconUITests.framework in Frameworks */ = {isa = PBXBuildFile; fileRef = 4D7D381A8C0C5B8CA065E2B6 /* Pods_uniconUITests.framework */; };
		1A9D85CF537E510B5969CE22 /* Pods_unicon.framework in Frameworks */ = {isa = PBXBuildFile; fileRef = 13D5178DA3733E4B0CC2E104 /* Pods_unicon.framework */; };
		43222CED20D61A2000B3DB50 /* GoogleService-Info.plist in Resources */ = {isa = PBXBuildFile; fileRef = 43222CEC20D61A2000B3DB50 /* GoogleService-Info.plist */; };
		436739DE20D6137900ABDD32 /* FBSDKCoreKit.framework in Frameworks */ = {isa = PBXBuildFile; fileRef = 436739DD20D6137900ABDD32 /* FBSDKCoreKit.framework */; };
		436739E020D6137900ABDD32 /* FBSDKLoginKit.framework in Frameworks */ = {isa = PBXBuildFile; fileRef = 436739DF20D6137900ABDD32 /* FBSDKLoginKit.framework */; };
		436739E220D6137900ABDD32 /* FirebaseCore.framework in Frameworks */ = {isa = PBXBuildFile; fileRef = 436739E120D6137900ABDD32 /* FirebaseCore.framework */; };
		43A5D3FF20D4EF69004612D4 /* AppDelegate.swift in Sources */ = {isa = PBXBuildFile; fileRef = 43A5D3FE20D4EF69004612D4 /* AppDelegate.swift */; };
		43A5D40120D4EF69004612D4 /* ViewController.swift in Sources */ = {isa = PBXBuildFile; fileRef = 43A5D40020D4EF69004612D4 /* ViewController.swift */; };
		43A5D40420D4EF69004612D4 /* Main.storyboard in Resources */ = {isa = PBXBuildFile; fileRef = 43A5D40220D4EF69004612D4 /* Main.storyboard */; };
		43A5D40620D4EF6B004612D4 /* Assets.xcassets in Resources */ = {isa = PBXBuildFile; fileRef = 43A5D40520D4EF6B004612D4 /* Assets.xcassets */; };
		43A5D40920D4EF6B004612D4 /* LaunchScreen.storyboard in Resources */ = {isa = PBXBuildFile; fileRef = 43A5D40720D4EF6B004612D4 /* LaunchScreen.storyboard */; };
		43A5D41420D4EF6B004612D4 /* uniconTests.swift in Sources */ = {isa = PBXBuildFile; fileRef = 43A5D41320D4EF6B004612D4 /* uniconTests.swift */; };
		43A5D41F20D4EF6B004612D4 /* uniconUITests.swift in Sources */ = {isa = PBXBuildFile; fileRef = 43A5D41E20D4EF6B004612D4 /* uniconUITests.swift */; };
		8B224869A6AF6C464EB2EAA0 /* Pods_uniconTests.framework in Frameworks */ = {isa = PBXBuildFile; fileRef = 624430D82291BC6D38F40ACB /* Pods_uniconTests.framework */; };
/* End PBXBuildFile section */

/* Begin PBXContainerItemProxy section */
		43A5D41020D4EF6B004612D4 /* PBXContainerItemProxy */ = {
			isa = PBXContainerItemProxy;
			containerPortal = 43A5D3F320D4EF68004612D4 /* Project object */;
			proxyType = 1;
			remoteGlobalIDString = 43A5D3FA20D4EF68004612D4;
			remoteInfo = unicon;
		};
		43A5D41B20D4EF6B004612D4 /* PBXContainerItemProxy */ = {
			isa = PBXContainerItemProxy;
			containerPortal = 43A5D3F320D4EF68004612D4 /* Project object */;
			proxyType = 1;
			remoteGlobalIDString = 43A5D3FA20D4EF68004612D4;
			remoteInfo = unicon;
		};
/* End PBXContainerItemProxy section */

/* Begin PBXFileReference section */
		0BC9CBD621C5F9265C50ECA4 /* Pods-uniconTests.debug.xcconfig */ = {isa = PBXFileReference; includeInIndex = 1; lastKnownFileType = text.xcconfig; name = "Pods-uniconTests.debug.xcconfig"; path = "Pods/Target Support Files/Pods-uniconTests/Pods-uniconTests.debug.xcconfig"; sourceTree = "<group>"; };
		13D5178DA3733E4B0CC2E104 /* Pods_unicon.framework */ = {isa = PBXFileReference; explicitFileType = wrapper.framework; includeInIndex = 0; path = Pods_unicon.framework; sourceTree = BUILT_PRODUCTS_DIR; };
		3E52A37223596E89EEAB8C73 /* Pods-uniconUITests.release.xcconfig */ = {isa = PBXFileReference; includeInIndex = 1; lastKnownFileType = text.xcconfig; name = "Pods-uniconUITests.release.xcconfig"; path = "Pods/Target Support Files/Pods-uniconUITests/Pods-uniconUITests.release.xcconfig"; sourceTree = "<group>"; };
		43222CEC20D61A2000B3DB50 /* GoogleService-Info.plist */ = {isa = PBXFileReference; fileEncoding = 4; lastKnownFileType = text.plist.xml; path = "GoogleService-Info.plist"; sourceTree = "<group>"; };
		436739DD20D6137900ABDD32 /* FBSDKCoreKit.framework */ = {isa = PBXFileReference; explicitFileType = wrapper.framework; path = FBSDKCoreKit.framework; sourceTree = BUILT_PRODUCTS_DIR; };
		436739DF20D6137900ABDD32 /* FBSDKLoginKit.framework */ = {isa = PBXFileReference; explicitFileType = wrapper.framework; path = FBSDKLoginKit.framework; sourceTree = BUILT_PRODUCTS_DIR; };
		436739E120D6137900ABDD32 /* FirebaseCore.framework */ = {isa = PBXFileReference; explicitFileType = wrapper.framework; path = FirebaseCore.framework; sourceTree = BUILT_PRODUCTS_DIR; };
		43A5D3FB20D4EF69004612D4 /* unicon.app */ = {isa = PBXFileReference; explicitFileType = wrapper.application; includeInIndex = 0; path = unicon.app; sourceTree = BUILT_PRODUCTS_DIR; };
		43A5D3FE20D4EF69004612D4 /* AppDelegate.swift */ = {isa = PBXFileReference; lastKnownFileType = sourcecode.swift; path = AppDelegate.swift; sourceTree = "<group>"; };
		43A5D40020D4EF69004612D4 /* ViewController.swift */ = {isa = PBXFileReference; lastKnownFileType = sourcecode.swift; path = ViewController.swift; sourceTree = "<group>"; };
		43A5D40320D4EF69004612D4 /* Base */ = {isa = PBXFileReference; lastKnownFileType = file.storyboard; name = Base; path = Base.lproj/Main.storyboard; sourceTree = "<group>"; };
		43A5D40520D4EF6B004612D4 /* Assets.xcassets */ = {isa = PBXFileReference; lastKnownFileType = folder.assetcatalog; path = Assets.xcassets; sourceTree = "<group>"; };
		43A5D40820D4EF6B004612D4 /* Base */ = {isa = PBXFileReference; lastKnownFileType = file.storyboard; name = Base; path = Base.lproj/LaunchScreen.storyboard; sourceTree = "<group>"; };
		43A5D40A20D4EF6B004612D4 /* Info.plist */ = {isa = PBXFileReference; lastKnownFileType = text.plist.xml; path = Info.plist; sourceTree = "<group>"; };
		43A5D40F20D4EF6B004612D4 /* uniconTests.xctest */ = {isa = PBXFileReference; explicitFileType = wrapper.cfbundle; includeInIndex = 0; path = uniconTests.xctest; sourceTree = BUILT_PRODUCTS_DIR; };
		43A5D41320D4EF6B004612D4 /* uniconTests.swift */ = {isa = PBXFileReference; lastKnownFileType = sourcecode.swift; path = uniconTests.swift; sourceTree = "<group>"; };
		43A5D41520D4EF6B004612D4 /* Info.plist */ = {isa = PBXFileReference; lastKnownFileType = text.plist.xml; path = Info.plist; sourceTree = "<group>"; };
		43A5D41A20D4EF6B004612D4 /* uniconUITests.xctest */ = {isa = PBXFileReference; explicitFileType = wrapper.cfbundle; includeInIndex = 0; path = uniconUITests.xctest; sourceTree = BUILT_PRODUCTS_DIR; };
		43A5D41E20D4EF6B004612D4 /* uniconUITests.swift */ = {isa = PBXFileReference; lastKnownFileType = sourcecode.swift; path = uniconUITests.swift; sourceTree = "<group>"; };
		43A5D42020D4EF6B004612D4 /* Info.plist */ = {isa = PBXFileReference; lastKnownFileType = text.plist.xml; path = Info.plist; sourceTree = "<group>"; };
		4C6DCD3199F2051B3F94E199 /* Pods-uniconUITests.debug.xcconfig */ = {isa = PBXFileReference; includeInIndex = 1; lastKnownFileType = text.xcconfig; name = "Pods-uniconUITests.debug.xcconfig"; path = "Pods/Target Support Files/Pods-uniconUITests/Pods-uniconUITests.debug.xcconfig"; sourceTree = "<group>"; };
		4D7D381A8C0C5B8CA065E2B6 /* Pods_uniconUITests.framework */ = {isa = PBXFileReference; explicitFileType = wrapper.framework; includeInIndex = 0; path = Pods_uniconUITests.framework; sourceTree = BUILT_PRODUCTS_DIR; };
		624430D82291BC6D38F40ACB /* Pods_uniconTests.framework */ = {isa = PBXFileReference; explicitFileType = wrapper.framework; includeInIndex = 0; path = Pods_uniconTests.framework; sourceTree = BUILT_PRODUCTS_DIR; };
		63369796B9A5ACDEA448F1A6 /* Pods-unicon.release.xcconfig */ = {isa = PBXFileReference; includeInIndex = 1; lastKnownFileType = text.xcconfig; name = "Pods-unicon.release.xcconfig"; path = "Pods/Target Support Files/Pods-unicon/Pods-unicon.release.xcconfig"; sourceTree = "<group>"; };
		84A5617C2CE6E6160290AEF3 /* Pods-unicon.debug.xcconfig */ = {isa = PBXFileReference; includeInIndex = 1; lastKnownFileType = text.xcconfig; name = "Pods-unicon.debug.xcconfig"; path = "Pods/Target Support Files/Pods-unicon/Pods-unicon.debug.xcconfig"; sourceTree = "<group>"; };
		B43F3BA6ACA5D7E8B38D8DEE /* Pods-uniconTests.release.xcconfig */ = {isa = PBXFileReference; includeInIndex = 1; lastKnownFileType = text.xcconfig; name = "Pods-uniconTests.release.xcconfig"; path = "Pods/Target Support Files/Pods-uniconTests/Pods-uniconTests.release.xcconfig"; sourceTree = "<group>"; };
/* End PBXFileReference section */

/* Begin PBXFrameworksBuildPhase section */
		43A5D3F820D4EF68004612D4 /* Frameworks */ = {
			isa = PBXFrameworksBuildPhase;
			buildActionMask = 2147483647;
			files = (
				436739DE20D6137900ABDD32 /* FBSDKCoreKit.framework in Frameworks */,
				436739E020D6137900ABDD32 /* FBSDKLoginKit.framework in Frameworks */,
				436739E220D6137900ABDD32 /* FirebaseCore.framework in Frameworks */,
				1A9D85CF537E510B5969CE22 /* Pods_unicon.framework in Frameworks */,
			);
			runOnlyForDeploymentPostprocessing = 0;
		};
		43A5D40C20D4EF6B004612D4 /* Frameworks */ = {
			isa = PBXFrameworksBuildPhase;
			buildActionMask = 2147483647;
			files = (
				8B224869A6AF6C464EB2EAA0 /* Pods_uniconTests.framework in Frameworks */,
			);
			runOnlyForDeploymentPostprocessing = 0;
		};
		43A5D41720D4EF6B004612D4 /* Frameworks */ = {
			isa = PBXFrameworksBuildPhase;
			buildActionMask = 2147483647;
			files = (
				17039679FCBD540BE19E0BBA /* Pods_uniconUITests.framework in Frameworks */,
			);
			runOnlyForDeploymentPostprocessing = 0;
		};
/* End PBXFrameworksBuildPhase section */

/* Begin PBXGroup section */
		37863B0E1E63370845261E2C /* Pods */ = {
			isa = PBXGroup;
			children = (
				84A5617C2CE6E6160290AEF3 /* Pods-unicon.debug.xcconfig */,
				63369796B9A5ACDEA448F1A6 /* Pods-unicon.release.xcconfig */,
				0BC9CBD621C5F9265C50ECA4 /* Pods-uniconTests.debug.xcconfig */,
				B43F3BA6ACA5D7E8B38D8DEE /* Pods-uniconTests.release.xcconfig */,
				4C6DCD3199F2051B3F94E199 /* Pods-uniconUITests.debug.xcconfig */,
				3E52A37223596E89EEAB8C73 /* Pods-uniconUITests.release.xcconfig */,
			);
			name = Pods;
			sourceTree = "<group>";
		};
		43A5D3F220D4EF68004612D4 = {
			isa = PBXGroup;
			children = (
				43A5D3FD20D4EF69004612D4 /* unicon */,
				43A5D41220D4EF6B004612D4 /* uniconTests */,
				43A5D41D20D4EF6B004612D4 /* uniconUITests */,
				43A5D3FC20D4EF69004612D4 /* Products */,
				37863B0E1E63370845261E2C /* Pods */,
				9A576D1701394A596FFF52B4 /* Frameworks */,
			);
			sourceTree = "<group>";
		};
		43A5D3FC20D4EF69004612D4 /* Products */ = {
			isa = PBXGroup;
			children = (
				43A5D3FB20D4EF69004612D4 /* unicon.app */,
				43A5D40F20D4EF6B004612D4 /* uniconTests.xctest */,
				43A5D41A20D4EF6B004612D4 /* uniconUITests.xctest */,
			);
			name = Products;
			sourceTree = "<group>";
		};
		43A5D3FD20D4EF69004612D4 /* unicon */ = {
			isa = PBXGroup;
			children = (
				43A5D3FE20D4EF69004612D4 /* AppDelegate.swift */,
				43A5D40020D4EF69004612D4 /* ViewController.swift */,
				43A5D40220D4EF69004612D4 /* Main.storyboard */,
				43A5D40520D4EF6B004612D4 /* Assets.xcassets */,
				43A5D40720D4EF6B004612D4 /* LaunchScreen.storyboard */,
				43A5D40A20D4EF6B004612D4 /* Info.plist */,
				43222CEC20D61A2000B3DB50 /* GoogleService-Info.plist */,
			);
			path = unicon;
			sourceTree = "<group>";
		};
		43A5D41220D4EF6B004612D4 /* uniconTests */ = {
			isa = PBXGroup;
			children = (
				43A5D41320D4EF6B004612D4 /* uniconTests.swift */,
				43A5D41520D4EF6B004612D4 /* Info.plist */,
			);
			path = uniconTests;
			sourceTree = "<group>";
		};
		43A5D41D20D4EF6B004612D4 /* uniconUITests */ = {
			isa = PBXGroup;
			children = (
				43A5D41E20D4EF6B004612D4 /* uniconUITests.swift */,
				43A5D42020D4EF6B004612D4 /* Info.plist */,
			);
			path = uniconUITests;
			sourceTree = "<group>";
		};
		9A576D1701394A596FFF52B4 /* Frameworks */ = {
			isa = PBXGroup;
			children = (
				436739DD20D6137900ABDD32 /* FBSDKCoreKit.framework */,
				436739DF20D6137900ABDD32 /* FBSDKLoginKit.framework */,
				436739E120D6137900ABDD32 /* FirebaseCore.framework */,
				13D5178DA3733E4B0CC2E104 /* Pods_unicon.framework */,
				624430D82291BC6D38F40ACB /* Pods_uniconTests.framework */,
				4D7D381A8C0C5B8CA065E2B6 /* Pods_uniconUITests.framework */,
			);
			name = Frameworks;
			sourceTree = "<group>";
		};
/* End PBXGroup section */

/* Begin PBXNativeTarget section */
		43A5D3FA20D4EF68004612D4 /* unicon */ = {
			isa = PBXNativeTarget;
			buildConfigurationList = 43A5D42320D4EF6B004612D4 /* Build configuration list for PBXNativeTarget "unicon" */;
			buildPhases = (
				9AE88461164AE1BFBCAC5A28 /* [CP] Check Pods Manifest.lock */,
				43A5D3F720D4EF68004612D4 /* Sources */,
				43A5D3F820D4EF68004612D4 /* Frameworks */,
				43A5D3F920D4EF68004612D4 /* Resources */,
				D468EA37D76E214E8F510A3B /* [CP] Embed Pods Frameworks */,
			);
			buildRules = (
			);
			dependencies = (
			);
			name = unicon;
			productName = unicon;
			productReference = 43A5D3FB20D4EF69004612D4 /* unicon.app */;
			productType = "com.apple.product-type.application";
		};
		43A5D40E20D4EF6B004612D4 /* uniconTests */ = {
			isa = PBXNativeTarget;
			buildConfigurationList = 43A5D42620D4EF6B004612D4 /* Build configuration list for PBXNativeTarget "uniconTests" */;
			buildPhases = (
				4BB81DC2281CCD3146B2144F /* [CP] Check Pods Manifest.lock */,
				43A5D40B20D4EF6B004612D4 /* Sources */,
				43A5D40C20D4EF6B004612D4 /* Frameworks */,
				43A5D40D20D4EF6B004612D4 /* Resources */,
			);
			buildRules = (
			);
			dependencies = (
				43A5D41120D4EF6B004612D4 /* PBXTargetDependency */,
			);
			name = uniconTests;
			productName = uniconTests;
			productReference = 43A5D40F20D4EF6B004612D4 /* uniconTests.xctest */;
			productType = "com.apple.product-type.bundle.unit-test";
		};
		43A5D41920D4EF6B004612D4 /* uniconUITests */ = {
			isa = PBXNativeTarget;
			buildConfigurationList = 43A5D42920D4EF6B004612D4 /* Build configuration list for PBXNativeTarget "uniconUITests" */;
			buildPhases = (
				B3F3A1C3E63861BCE3A1D5D7 /* [CP] Check Pods Manifest.lock */,
				43A5D41620D4EF6B004612D4 /* Sources */,
				43A5D41720D4EF6B004612D4 /* Frameworks */,
				43A5D41820D4EF6B004612D4 /* Resources */,
			);
			buildRules = (
			);
			dependencies = (
				43A5D41C20D4EF6B004612D4 /* PBXTargetDependency */,
			);
			name = uniconUITests;
			productName = uniconUITests;
			productReference = 43A5D41A20D4EF6B004612D4 /* uniconUITests.xctest */;
			productType = "com.apple.product-type.bundle.ui-testing";
		};
/* End PBXNativeTarget section */

/* Begin PBXProject section */
		43A5D3F320D4EF68004612D4 /* Project object */ = {
			isa = PBXProject;
			attributes = {
				LastSwiftUpdateCheck = 0940;
				LastUpgradeCheck = 0940;
				ORGANIZATIONNAME = "Imajin Kawabe";
				TargetAttributes = {
					43A5D3FA20D4EF68004612D4 = {
						CreatedOnToolsVersion = 9.4;
					};
					43A5D40E20D4EF6B004612D4 = {
						CreatedOnToolsVersion = 9.4;
						TestTargetID = 43A5D3FA20D4EF68004612D4;
					};
					43A5D41920D4EF6B004612D4 = {
						CreatedOnToolsVersion = 9.4;
						TestTargetID = 43A5D3FA20D4EF68004612D4;
					};
				};
			};
			buildConfigurationList = 43A5D3F620D4EF68004612D4 /* Build configuration list for PBXProject "unicon" */;
			compatibilityVersion = "Xcode 9.3";
			developmentRegion = en;
			hasScannedForEncodings = 0;
			knownRegions = (
				en,
				Base,
			);
			mainGroup = 43A5D3F220D4EF68004612D4;
			productRefGroup = 43A5D3FC20D4EF69004612D4 /* Products */;
			projectDirPath = "";
			projectRoot = "";
			targets = (
				43A5D3FA20D4EF68004612D4 /* unicon */,
				43A5D40E20D4EF6B004612D4 /* uniconTests */,
				43A5D41920D4EF6B004612D4 /* uniconUITests */,
			);
		};
/* End PBXProject section */

/* Begin PBXResourcesBuildPhase section */
		43A5D3F920D4EF68004612D4 /* Resources */ = {
			isa = PBXResourcesBuildPhase;
			buildActionMask = 2147483647;
			files = (
				43A5D40920D4EF6B004612D4 /* LaunchScreen.storyboard in Resources */,
				43222CED20D61A2000B3DB50 /* GoogleService-Info.plist in Resources */,
				43A5D40620D4EF6B004612D4 /* Assets.xcassets in Resources */,
				43A5D40420D4EF69004612D4 /* Main.storyboard in Resources */,
			);
			runOnlyForDeploymentPostprocessing = 0;
		};
		43A5D40D20D4EF6B004612D4 /* Resources */ = {
			isa = PBXResourcesBuildPhase;
			buildActionMask = 2147483647;
			files = (
			);
			runOnlyForDeploymentPostprocessing = 0;
		};
		43A5D41820D4EF6B004612D4 /* Resources */ = {
			isa = PBXResourcesBuildPhase;
			buildActionMask = 2147483647;
			files = (
			);
			runOnlyForDeploymentPostprocessing = 0;
		};
/* End PBXResourcesBuildPhase section */

/* Begin PBXShellScriptBuildPhase section */
		4BB81DC2281CCD3146B2144F /* [CP] Check Pods Manifest.lock */ = {
			isa = PBXShellScriptBuildPhase;
			buildActionMask = 2147483647;
			files = (
			);
			inputPaths = (
				"${PODS_PODFILE_DIR_PATH}/Podfile.lock",
				"${PODS_ROOT}/Manifest.lock",
			);
			name = "[CP] Check Pods Manifest.lock";
			outputPaths = (
				"$(DERIVED_FILE_DIR)/Pods-uniconTests-checkManifestLockResult.txt",
			);
			runOnlyForDeploymentPostprocessing = 0;
			shellPath = /bin/sh;
			shellScript = "diff \"${PODS_PODFILE_DIR_PATH}/Podfile.lock\" \"${PODS_ROOT}/Manifest.lock\" > /dev/null\nif [ $? != 0 ] ; then\n    # print error to STDERR\n    echo \"error: The sandbox is not in sync with the Podfile.lock. Run 'pod install' or update your CocoaPods installation.\" >&2\n    exit 1\nfi\n# This output is used by Xcode 'outputs' to avoid re-running this script phase.\necho \"SUCCESS\" > \"${SCRIPT_OUTPUT_FILE_0}\"\n";
			showEnvVarsInLog = 0;
		};
		9AE88461164AE1BFBCAC5A28 /* [CP] Check Pods Manifest.lock */ = {
			isa = PBXShellScriptBuildPhase;
			buildActionMask = 2147483647;
			files = (
			);
			inputPaths = (
				"${PODS_PODFILE_DIR_PATH}/Podfile.lock",
				"${PODS_ROOT}/Manifest.lock",
			);
			name = "[CP] Check Pods Manifest.lock";
			outputPaths = (
				"$(DERIVED_FILE_DIR)/Pods-unicon-checkManifestLockResult.txt",
			);
			runOnlyForDeploymentPostprocessing = 0;
			shellPath = /bin/sh;
			shellScript = "diff \"${PODS_PODFILE_DIR_PATH}/Podfile.lock\" \"${PODS_ROOT}/Manifest.lock\" > /dev/null\nif [ $? != 0 ] ; then\n    # print error to STDERR\n    echo \"error: The sandbox is not in sync with the Podfile.lock. Run 'pod install' or update your CocoaPods installation.\" >&2\n    exit 1\nfi\n# This output is used by Xcode 'outputs' to avoid re-running this script phase.\necho \"SUCCESS\" > \"${SCRIPT_OUTPUT_FILE_0}\"\n";
			showEnvVarsInLog = 0;
		};
		B3F3A1C3E63861BCE3A1D5D7 /* [CP] Check Pods Manifest.lock */ = {
			isa = PBXShellScriptBuildPhase;
			buildActionMask = 2147483647;
			files = (
			);
			inputPaths = (
				"${PODS_PODFILE_DIR_PATH}/Podfile.lock",
				"${PODS_ROOT}/Manifest.lock",
			);
			name = "[CP] Check Pods Manifest.lock";
			outputPaths = (
				"$(DERIVED_FILE_DIR)/Pods-uniconUITests-checkManifestLockResult.txt",
			);
			runOnlyForDeploymentPostprocessing = 0;
			shellPath = /bin/sh;
			shellScript = "diff \"${PODS_PODFILE_DIR_PATH}/Podfile.lock\" \"${PODS_ROOT}/Manifest.lock\" > /dev/null\nif [ $? != 0 ] ; then\n    # print error to STDERR\n    echo \"error: The sandbox is not in sync with the Podfile.lock. Run 'pod install' or update your CocoaPods installation.\" >&2\n    exit 1\nfi\n# This output is used by Xcode 'outputs' to avoid re-running this script phase.\necho \"SUCCESS\" > \"${SCRIPT_OUTPUT_FILE_0}\"\n";
			showEnvVarsInLog = 0;
		};
		D468EA37D76E214E8F510A3B /* [CP] Embed Pods Frameworks */ = {
			isa = PBXShellScriptBuildPhase;
			buildActionMask = 2147483647;
			files = (
			);
			inputPaths = (
				"${SRCROOT}/Pods/Target Support Files/Pods-unicon/Pods-unicon-frameworks.sh",
				"${BUILT_PRODUCTS_DIR}/Bolts/Bolts.framework",
				"${BUILT_PRODUCTS_DIR}/BoringSSL/openssl.framework",
				"${BUILT_PRODUCTS_DIR}/FBSDKCoreKit/FBSDKCoreKit.framework",
				"${BUILT_PRODUCTS_DIR}/FBSDKLoginKit/FBSDKLoginKit.framework",
				"${BUILT_PRODUCTS_DIR}/FBSDKShareKit/FBSDKShareKit.framework",
				"${BUILT_PRODUCTS_DIR}/GTMSessionFetcher/GTMSessionFetcher.framework",
				"${BUILT_PRODUCTS_DIR}/GoogleToolboxForMac/GoogleToolboxForMac.framework",
				"${BUILT_PRODUCTS_DIR}/Protobuf/Protobuf.framework",
				"${BUILT_PRODUCTS_DIR}/gRPC/GRPCClient.framework",
				"${BUILT_PRODUCTS_DIR}/gRPC-Core/grpc.framework",
				"${BUILT_PRODUCTS_DIR}/gRPC-ProtoRPC/ProtoRPC.framework",
				"${BUILT_PRODUCTS_DIR}/gRPC-RxLibrary/RxLibrary.framework",
				"${BUILT_PRODUCTS_DIR}/leveldb-library/leveldb.framework",
				"${BUILT_PRODUCTS_DIR}/nanopb/nanopb.framework",
			);
			name = "[CP] Embed Pods Frameworks";
			outputPaths = (
				"${TARGET_BUILD_DIR}/${FRAMEWORKS_FOLDER_PATH}/Bolts.framework",
				"${TARGET_BUILD_DIR}/${FRAMEWORKS_FOLDER_PATH}/openssl.framework",
				"${TARGET_BUILD_DIR}/${FRAMEWORKS_FOLDER_PATH}/FBSDKCoreKit.framework",
				"${TARGET_BUILD_DIR}/${FRAMEWORKS_FOLDER_PATH}/FBSDKLoginKit.framework",
				"${TARGET_BUILD_DIR}/${FRAMEWORKS_FOLDER_PATH}/FBSDKShareKit.framework",
				"${TARGET_BUILD_DIR}/${FRAMEWORKS_FOLDER_PATH}/GTMSessionFetcher.framework",
				"${TARGET_BUILD_DIR}/${FRAMEWORKS_FOLDER_PATH}/GoogleToolboxForMac.framework",
				"${TARGET_BUILD_DIR}/${FRAMEWORKS_FOLDER_PATH}/Protobuf.framework",
				"${TARGET_BUILD_DIR}/${FRAMEWORKS_FOLDER_PATH}/GRPCClient.framework",
				"${TARGET_BUILD_DIR}/${FRAMEWORKS_FOLDER_PATH}/grpc.framework",
				"${TARGET_BUILD_DIR}/${FRAMEWORKS_FOLDER_PATH}/ProtoRPC.framework",
				"${TARGET_BUILD_DIR}/${FRAMEWORKS_FOLDER_PATH}/RxLibrary.framework",
				"${TARGET_BUILD_DIR}/${FRAMEWORKS_FOLDER_PATH}/leveldb.framework",
				"${TARGET_BUILD_DIR}/${FRAMEWORKS_FOLDER_PATH}/nanopb.framework",
			);
			runOnlyForDeploymentPostprocessing = 0;
			shellPath = /bin/sh;
			shellScript = "\"${SRCROOT}/Pods/Target Support Files/Pods-unicon/Pods-unicon-frameworks.sh\"\n";
			showEnvVarsInLog = 0;
		};
/* End PBXShellScriptBuildPhase section */

/* Begin PBXSourcesBuildPhase section */
		43A5D3F720D4EF68004612D4 /* Sources */ = {
			isa = PBXSourcesBuildPhase;
			buildActionMask = 2147483647;
			files = (
				43A5D40120D4EF69004612D4 /* ViewController.swift in Sources */,
				43A5D3FF20D4EF69004612D4 /* AppDelegate.swift in Sources */,
			);
			runOnlyForDeploymentPostprocessing = 0;
		};
		43A5D40B20D4EF6B004612D4 /* Sources */ = {
			isa = PBXSourcesBuildPhase;
			buildActionMask = 2147483647;
			files = (
				43A5D41420D4EF6B004612D4 /* uniconTests.swift in Sources */,
			);
			runOnlyForDeploymentPostprocessing = 0;
		};
		43A5D41620D4EF6B004612D4 /* Sources */ = {
			isa = PBXSourcesBuildPhase;
			buildActionMask = 2147483647;
			files = (
				43A5D41F20D4EF6B004612D4 /* uniconUITests.swift in Sources */,
			);
			runOnlyForDeploymentPostprocessing = 0;
		};
/* End PBXSourcesBuildPhase section */

/* Begin PBXTargetDependency section */
		43A5D41120D4EF6B004612D4 /* PBXTargetDependency */ = {
			isa = PBXTargetDependency;
			target = 43A5D3FA20D4EF68004612D4 /* unicon */;
			targetProxy = 43A5D41020D4EF6B004612D4 /* PBXContainerItemProxy */;
		};
		43A5D41C20D4EF6B004612D4 /* PBXTargetDependency */ = {
			isa = PBXTargetDependency;
			target = 43A5D3FA20D4EF68004612D4 /* unicon */;
			targetProxy = 43A5D41B20D4EF6B004612D4 /* PBXContainerItemProxy */;
		};
/* End PBXTargetDependency section */

/* Begin PBXVariantGroup section */
		43A5D40220D4EF69004612D4 /* Main.storyboard */ = {
			isa = PBXVariantGroup;
			children = (
				43A5D40320D4EF69004612D4 /* Base */,
			);
			name = Main.storyboard;
			sourceTree = "<group>";
		};
		43A5D40720D4EF6B004612D4 /* LaunchScreen.storyboard */ = {
			isa = PBXVariantGroup;
			children = (
				43A5D40820D4EF6B004612D4 /* Base */,
			);
			name = LaunchScreen.storyboard;
			sourceTree = "<group>";
		};
/* End PBXVariantGroup section */

/* Begin XCBuildConfiguration section */
		43A5D42120D4EF6B004612D4 /* Debug */ = {
			isa = XCBuildConfiguration;
			buildSettings = {
				ALWAYS_SEARCH_USER_PATHS = NO;
				CLANG_ANALYZER_NONNULL = YES;
				CLANG_ANALYZER_NUMBER_OBJECT_CONVERSION = YES_AGGRESSIVE;
				CLANG_CXX_LANGUAGE_STANDARD = "gnu++14";
				CLANG_CXX_LIBRARY = "libc++";
				CLANG_ENABLE_MODULES = YES;
				CLANG_ENABLE_OBJC_ARC = YES;
				CLANG_ENABLE_OBJC_WEAK = YES;
				CLANG_WARN_BLOCK_CAPTURE_AUTORELEASING = YES;
				CLANG_WARN_BOOL_CONVERSION = YES;
				CLANG_WARN_COMMA = YES;
				CLANG_WARN_CONSTANT_CONVERSION = YES;
				CLANG_WARN_DEPRECATED_OBJC_IMPLEMENTATIONS = YES;
				CLANG_WARN_DIRECT_OBJC_ISA_USAGE = YES_ERROR;
				CLANG_WARN_DOCUMENTATION_COMMENTS = YES;
				CLANG_WARN_EMPTY_BODY = YES;
				CLANG_WARN_ENUM_CONVERSION = YES;
				CLANG_WARN_INFINITE_RECURSION = YES;
				CLANG_WARN_INT_CONVERSION = YES;
				CLANG_WARN_NON_LITERAL_NULL_CONVERSION = YES;
				CLANG_WARN_OBJC_IMPLICIT_RETAIN_SELF = YES;
				CLANG_WARN_OBJC_LITERAL_CONVERSION = YES;
				CLANG_WARN_OBJC_ROOT_CLASS = YES_ERROR;
				CLANG_WARN_RANGE_LOOP_ANALYSIS = YES;
				CLANG_WARN_STRICT_PROTOTYPES = YES;
				CLANG_WARN_SUSPICIOUS_MOVE = YES;
				CLANG_WARN_UNGUARDED_AVAILABILITY = YES_AGGRESSIVE;
				CLANG_WARN_UNREACHABLE_CODE = YES;
				CLANG_WARN__DUPLICATE_METHOD_MATCH = YES;
				CODE_SIGN_IDENTITY = "iPhone Developer";
				COPY_PHASE_STRIP = NO;
				DEBUG_INFORMATION_FORMAT = dwarf;
				ENABLE_STRICT_OBJC_MSGSEND = YES;
				ENABLE_TESTABILITY = YES;
				GCC_C_LANGUAGE_STANDARD = gnu11;
				GCC_DYNAMIC_NO_PIC = NO;
				GCC_NO_COMMON_BLOCKS = YES;
				GCC_OPTIMIZATION_LEVEL = 0;
				GCC_PREPROCESSOR_DEFINITIONS = (
					"DEBUG=1",
					"$(inherited)",
				);
				GCC_WARN_64_TO_32_BIT_CONVERSION = YES;
				GCC_WARN_ABOUT_RETURN_TYPE = YES_ERROR;
				GCC_WARN_UNDECLARED_SELECTOR = YES;
				GCC_WARN_UNINITIALIZED_AUTOS = YES_AGGRESSIVE;
				GCC_WARN_UNUSED_FUNCTION = YES;
				GCC_WARN_UNUSED_VARIABLE = YES;
				IPHONEOS_DEPLOYMENT_TARGET = 11.4;
				MTL_ENABLE_DEBUG_INFO = YES;
				ONLY_ACTIVE_ARCH = YES;
				SDKROOT = iphoneos;
				SWIFT_ACTIVE_COMPILATION_CONDITIONS = DEBUG;
				SWIFT_OPTIMIZATION_LEVEL = "-Onone";
			};
			name = Debug;
		};
		43A5D42220D4EF6B004612D4 /* Release */ = {
			isa = XCBuildConfiguration;
			buildSettings = {
				ALWAYS_SEARCH_USER_PATHS = NO;
				CLANG_ANALYZER_NONNULL = YES;
				CLANG_ANALYZER_NUMBER_OBJECT_CONVERSION = YES_AGGRESSIVE;
				CLANG_CXX_LANGUAGE_STANDARD = "gnu++14";
				CLANG_CXX_LIBRARY = "libc++";
				CLANG_ENABLE_MODULES = YES;
				CLANG_ENABLE_OBJC_ARC = YES;
				CLANG_ENABLE_OBJC_WEAK = YES;
				CLANG_WARN_BLOCK_CAPTURE_AUTORELEASING = YES;
				CLANG_WARN_BOOL_CONVERSION = YES;
				CLANG_WARN_COMMA = YES;
				CLANG_WARN_CONSTANT_CONVERSION = YES;
				CLANG_WARN_DEPRECATED_OBJC_IMPLEMENTATIONS = YES;
				CLANG_WARN_DIRECT_OBJC_ISA_USAGE = YES_ERROR;
				CLANG_WARN_DOCUMENTATION_COMMENTS = YES;
				CLANG_WARN_EMPTY_BODY = YES;
				CLANG_WARN_ENUM_CONVERSION = YES;
				CLANG_WARN_INFINITE_RECURSION = YES;
				CLANG_WARN_INT_CONVERSION = YES;
				CLANG_WARN_NON_LITERAL_NULL_CONVERSION = YES;
				CLANG_WARN_OBJC_IMPLICIT_RETAIN_SELF = YES;
				CLANG_WARN_OBJC_LITERAL_CONVERSION = YES;
				CLANG_WARN_OBJC_ROOT_CLASS = YES_ERROR;
				CLANG_WARN_RANGE_LOOP_ANALYSIS = YES;
				CLANG_WARN_STRICT_PROTOTYPES = YES;
				CLANG_WARN_SUSPICIOUS_MOVE = YES;
				CLANG_WARN_UNGUARDED_AVAILABILITY = YES_AGGRESSIVE;
				CLANG_WARN_UNREACHABLE_CODE = YES;
				CLANG_WARN__DUPLICATE_METHOD_MATCH = YES;
				CODE_SIGN_IDENTITY = "iPhone Developer";
				COPY_PHASE_STRIP = NO;
				DEBUG_INFORMATION_FORMAT = "dwarf-with-dsym";
				ENABLE_NS_ASSERTIONS = NO;
				ENABLE_STRICT_OBJC_MSGSEND = YES;
				GCC_C_LANGUAGE_STANDARD = gnu11;
				GCC_NO_COMMON_BLOCKS = YES;
				GCC_WARN_64_TO_32_BIT_CONVERSION = YES;
				GCC_WARN_ABOUT_RETURN_TYPE = YES_ERROR;
				GCC_WARN_UNDECLARED_SELECTOR = YES;
				GCC_WARN_UNINITIALIZED_AUTOS = YES_AGGRESSIVE;
				GCC_WARN_UNUSED_FUNCTION = YES;
				GCC_WARN_UNUSED_VARIABLE = YES;
				IPHONEOS_DEPLOYMENT_TARGET = 11.4;
				MTL_ENABLE_DEBUG_INFO = NO;
				SDKROOT = iphoneos;
				SWIFT_COMPILATION_MODE = wholemodule;
				SWIFT_OPTIMIZATION_LEVEL = "-O";
				VALIDATE_PRODUCT = YES;
			};
			name = Release;
		};
		43A5D42420D4EF6B004612D4 /* Debug */ = {
			isa = XCBuildConfiguration;
			baseConfigurationReference = 84A5617C2CE6E6160290AEF3 /* Pods-unicon.debug.xcconfig */;
			buildSettings = {
				ASSETCATALOG_COMPILER_APPICON_NAME = AppIcon;
				CODE_SIGN_STYLE = Automatic;
				DEVELOPMENT_TEAM = C3FK994J42;
				INFOPLIST_FILE = unicon/Info.plist;
				IPHONEOS_DEPLOYMENT_TARGET = 10.3;
				LD_RUNPATH_SEARCH_PATHS = (
					"$(inherited)",
					"@executable_path/Frameworks",
				);
				PRODUCT_BUNDLE_IDENTIFIER = tokyo.imagine.unicon;
				PRODUCT_NAME = "$(TARGET_NAME)";
				SWIFT_VERSION = 4.0;
				TARGETED_DEVICE_FAMILY = "1,2";
			};
			name = Debug;
		};
		43A5D42520D4EF6B004612D4 /* Release */ = {
			isa = XCBuildConfiguration;
			baseConfigurationReference = 63369796B9A5ACDEA448F1A6 /* Pods-unicon.release.xcconfig */;
			buildSettings = {
				ASSETCATALOG_COMPILER_APPICON_NAME = AppIcon;
				CODE_SIGN_STYLE = Automatic;
				DEVELOPMENT_TEAM = C3FK994J42;
				INFOPLIST_FILE = unicon/Info.plist;
				IPHONEOS_DEPLOYMENT_TARGET = 10.3;
				LD_RUNPATH_SEARCH_PATHS = (
					"$(inherited)",
					"@executable_path/Frameworks",
				);
				PRODUCT_BUNDLE_IDENTIFIER = tokyo.imagine.unicon;
				PRODUCT_NAME = "$(TARGET_NAME)";
				SWIFT_VERSION = 4.0;
				TARGETED_DEVICE_FAMILY = "1,2";
			};
			name = Release;
		};
		43A5D42720D4EF6B004612D4 /* Debug */ = {
			isa = XCBuildConfiguration;
			baseConfigurationReference = 0BC9CBD621C5F9265C50ECA4 /* Pods-uniconTests.debug.xcconfig */;
			buildSettings = {
				ALWAYS_EMBED_SWIFT_STANDARD_LIBRARIES = YES;
				BUNDLE_LOADER = "$(TEST_HOST)";
				CODE_SIGN_STYLE = Automatic;
				DEVELOPMENT_TEAM = C3FK994J42;
				INFOPLIST_FILE = uniconTests/Info.plist;
				LD_RUNPATH_SEARCH_PATHS = (
					"$(inherited)",
					"@executable_path/Frameworks",
					"@loader_path/Frameworks",
				);
				PRODUCT_BUNDLE_IDENTIFIER = tokyo.imaginez.uniconTests;
				PRODUCT_NAME = "$(TARGET_NAME)";
				SWIFT_VERSION = 4.0;
				TARGETED_DEVICE_FAMILY = "1,2";
				TEST_HOST = "$(BUILT_PRODUCTS_DIR)/unicon.app/unicon";
			};
			name = Debug;
		};
		43A5D42820D4EF6B004612D4 /* Release */ = {
			isa = XCBuildConfiguration;
			baseConfigurationReference = B43F3BA6ACA5D7E8B38D8DEE /* Pods-uniconTests.release.xcconfig */;
			buildSettings = {
				ALWAYS_EMBED_SWIFT_STANDARD_LIBRARIES = YES;
				BUNDLE_LOADER = "$(TEST_HOST)";
				CODE_SIGN_STYLE = Automatic;
				DEVELOPMENT_TEAM = C3FK994J42;
				INFOPLIST_FILE = uniconTests/Info.plist;
				LD_RUNPATH_SEARCH_PATHS = (
					"$(inherited)",
					"@executable_path/Frameworks",
					"@loader_path/Frameworks",
				);
				PRODUCT_BUNDLE_IDENTIFIER = tokyo.imaginez.uniconTests;
				PRODUCT_NAME = "$(TARGET_NAME)";
				SWIFT_VERSION = 4.0;
				TARGETED_DEVICE_FAMILY = "1,2";
				TEST_HOST = "$(BUILT_PRODUCTS_DIR)/unicon.app/unicon";
			};
			name = Release;
		};
		43A5D42A20D4EF6B004612D4 /* Debug */ = {
			isa = XCBuildConfiguration;
			baseConfigurationReference = 4C6DCD3199F2051B3F94E199 /* Pods-uniconUITests.debug.xcconfig */;
			buildSettings = {
				ALWAYS_EMBED_SWIFT_STANDARD_LIBRARIES = YES;
				CODE_SIGN_STYLE = Automatic;
				DEVELOPMENT_TEAM = C3FK994J42;
				INFOPLIST_FILE = uniconUITests/Info.plist;
				LD_RUNPATH_SEARCH_PATHS = (
					"$(inherited)",
					"@executable_path/Frameworks",
					"@loader_path/Frameworks",
				);
				PRODUCT_BUNDLE_IDENTIFIER = tokyo.imaginez.uniconUITests;
				PRODUCT_NAME = "$(TARGET_NAME)";
				SWIFT_VERSION = 4.0;
				TARGETED_DEVICE_FAMILY = "1,2";
				TEST_TARGET_NAME = unicon;
			};
			name = Debug;
		};
		43A5D42B20D4EF6B004612D4 /* Release */ = {
			isa = XCBuildConfiguration;
			baseConfigurationReference = 3E52A37223596E89EEAB8C73 /* Pods-uniconUITests.release.xcconfig */;
			buildSettings = {
				ALWAYS_EMBED_SWIFT_STANDARD_LIBRARIES = YES;
				CODE_SIGN_STYLE = Automatic;
				DEVELOPMENT_TEAM = C3FK994J42;
				INFOPLIST_FILE = uniconUITests/Info.plist;
				LD_RUNPATH_SEARCH_PATHS = (
					"$(inherited)",
					"@executable_path/Frameworks",
					"@loader_path/Frameworks",
				);
				PRODUCT_BUNDLE_IDENTIFIER = tokyo.imaginez.uniconUITests;
				PRODUCT_NAME = "$(TARGET_NAME)";
				SWIFT_VERSION = 4.0;
				TARGETED_DEVICE_FAMILY = "1,2";
				TEST_TARGET_NAME = unicon;
			};
			name = Release;
		};
/* End XCBuildConfiguration section */

/* Begin XCConfigurationList section */
		43A5D3F620D4EF68004612D4 /* Build configuration list for PBXProject "unicon" */ = {
			isa = XCConfigurationList;
			buildConfigurations = (
				43A5D42120D4EF6B004612D4 /* Debug */,
				43A5D42220D4EF6B004612D4 /* Release */,
			);
			defaultConfigurationIsVisible = 0;
			defaultConfigurationName = Release;
		};
		43A5D42320D4EF6B004612D4 /* Build configuration list for PBXNativeTarget "unicon" */ = {
			isa = XCConfigurationList;
			buildConfigurations = (
				43A5D42420D4EF6B004612D4 /* Debug */,
				43A5D42520D4EF6B004612D4 /* Release */,
			);
			defaultConfigurationIsVisible = 0;
			defaultConfigurationName = Release;
		};
		43A5D42620D4EF6B004612D4 /* Build configuration list for PBXNativeTarget "uniconTests" */ = {
			isa = XCConfigurationList;
			buildConfigurations = (
				43A5D42720D4EF6B004612D4 /* Debug */,
				43A5D42820D4EF6B004612D4 /* Release */,
			);
			defaultConfigurationIsVisible = 0;
			defaultConfigurationName = Release;
		};
		43A5D42920D4EF6B004612D4 /* Build configuration list for PBXNativeTarget "uniconUITests" */ = {
			isa = XCConfigurationList;
			buildConfigurations = (
				43A5D42A20D4EF6B004612D4 /* Debug */,
				43A5D42B20D4EF6B004612D4 /* Release */,
			);
			defaultConfigurationIsVisible = 0;
			defaultConfigurationName = Release;
		};
/* End XCConfigurationList section */
	};
	rootObject = 43A5D3F320D4EF68004612D4 /* Project object */;
}
