// !$*UTF8*$!
{
	archiveVersion = 1;
	classes = {
	};
	objectVersion = 50;
	objects = {

/* Begin PBXBuildFile section */
		43A5D3FF20D4EF69004612D4 /* AppDelegate.swift in Sources */ = {isa = PBXBuildFile; fileRef = 43A5D3FE20D4EF69004612D4 /* AppDelegate.swift */; };
		43A5D40120D4EF69004612D4 /* ViewController.swift in Sources */ = {isa = PBXBuildFile; fileRef = 43A5D40020D4EF69004612D4 /* ViewController.swift */; };
		43A5D40420D4EF69004612D4 /* Main.storyboard in Resources */ = {isa = PBXBuildFile; fileRef = 43A5D40220D4EF69004612D4 /* Main.storyboard */; };
		43A5D40620D4EF6B004612D4 /* Assets.xcassets in Resources */ = {isa = PBXBuildFile; fileRef = 43A5D40520D4EF6B004612D4 /* Assets.xcassets */; };
		43A5D40920D4EF6B004612D4 /* LaunchScreen.storyboard in Resources */ = {isa = PBXBuildFile; fileRef = 43A5D40720D4EF6B004612D4 /* LaunchScreen.storyboard */; };
		43A5D41420D4EF6B004612D4 /* uniconTests.swift in Sources */ = {isa = PBXBuildFile; fileRef = 43A5D41320D4EF6B004612D4 /* uniconTests.swift */; };
		43A5D41F20D4EF6B004612D4 /* uniconUITests.swift in Sources */ = {isa = PBXBuildFile; fileRef = 43A5D41E20D4EF6B004612D4 /* uniconUITests.swift */; };
/* End PBXBuildFile section */

/* Begin PBXContainerItemProxy section */
		43A5D41020D4EF6B004612D4 /* PBXContainerItemProxy */ = {
			isa = PBXContainerItemProxy;
			containerPortal = 43A5D3F320D4EF68004612D4 /* Project object */;
			proxyType = 1;
			remoteGlobalIDString = 43A5D3FA20D4EF68004612D4;
			remoteInfo = unicon;
		};
		43A5D41B20D4EF6B004612D4 /* PBXContainerItemProxy */ = {
			isa = PBXContainerItemProxy;
			containerPortal = 43A5D3F320D4EF68004612D4 /* Project object */;
			proxyType = 1;
			remoteGlobalIDString = 43A5D3FA20D4EF68004612D4;
			remoteInfo = unicon;
		};
/* End PBXContainerItemProxy section */

/* Begin PBXFileReference section */
		43A5D3FB20D4EF69004612D4 /* unicon.app */ = {isa = PBXFileReference; explicitFileType = wrapper.application; includeInIndex = 0; path = unicon.app; sourceTree = BUILT_PRODUCTS_DIR; };
		43A5D3FE20D4EF69004612D4 /* AppDelegate.swift */ = {isa = PBXFileReference; lastKnownFileType = sourcecode.swift; path = AppDelegate.swift; sourceTree = "<group>"; };
		43A5D40020D4EF69004612D4 /* ViewController.swift */ = {isa = PBXFileReference; lastKnownFileType = sourcecode.swift; path = ViewController.swift; sourceTree = "<group>"; };
		43A5D40320D4EF69004612D4 /* Base */ = {isa = PBXFileReference; lastKnownFileType = file.storyboard; name = Base; path = Base.lproj/Main.storyboard; sourceTree = "<group>"; };
		43A5D40520D4EF6B004612D4 /* Assets.xcassets */ = {isa = PBXFileReference; lastKnownFileType = folder.assetcatalog; path = Assets.xcassets; sourceTree = "<group>"; };
		43A5D40820D4EF6B004612D4 /* Base */ = {isa = PBXFileReference; lastKnownFileType = file.storyboard; name = Base; path = Base.lproj/LaunchScreen.storyboard; sourceTree = "<group>"; };
		43A5D40A20D4EF6B004612D4 /* Info.plist */ = {isa = PBXFileReference; lastKnownFileType = text.plist.xml; path = Info.plist; sourceTree = "<group>"; };
		43A5D40F20D4EF6B004612D4 /* uniconTests.xctest */ = {isa = PBXFileReference; explicitFileType = wrapper.cfbundle; includeInIndex = 0; path = uniconTests.xctest; sourceTree = BUILT_PRODUCTS_DIR; };
		43A5D41320D4EF6B004612D4 /* uniconTests.swift */ = {isa = PBXFileReference; lastKnownFileType = sourcecode.swift; path = uniconTests.swift; sourceTree = "<group>"; };
		43A5D41520D4EF6B004612D4 /* Info.plist */ = {isa = PBXFileReference; lastKnownFileType = text.plist.xml; path = Info.plist; sourceTree = "<group>"; };
		43A5D41A20D4EF6B004612D4 /* uniconUITests.xctest */ = {isa = PBXFileReference; explicitFileType = wrapper.cfbundle; includeInIndex = 0; path = uniconUITests.xctest; sourceTree = BUILT_PRODUCTS_DIR; };
		43A5D41E20D4EF6B004612D4 /* uniconUITests.swift */ = {isa = PBXFileReference; lastKnownFileType = sourcecode.swift; path = uniconUITests.swift; sourceTree = "<group>"; };
		43A5D42020D4EF6B004612D4 /* Info.plist */ = {isa = PBXFileReference; lastKnownFileType = text.plist.xml; path = Info.plist; sourceTree = "<group>"; };
/* End PBXFileReference section */

/* Begin PBXFrameworksBuildPhase section */
		43A5D3F820D4EF68004612D4 /* Frameworks */ = {
			isa = PBXFrameworksBuildPhase;
			buildActionMask = 2147483647;
			files = (
			);
			runOnlyForDeploymentPostprocessing = 0;
		};
		43A5D40C20D4EF6B004612D4 /* Frameworks */ = {
			isa = PBXFrameworksBuildPhase;
			buildActionMask = 2147483647;
			files = (
			);
			runOnlyForDeploymentPostprocessing = 0;
		};
		43A5D41720D4EF6B004612D4 /* Frameworks */ = {
			isa = PBXFrameworksBuildPhase;
			buildActionMask = 2147483647;
			files = (
			);
			runOnlyForDeploymentPostprocessing = 0;
		};
/* End PBXFrameworksBuildPhase section */

/* Begin PBXGroup section */
		43A5D3F220D4EF68004612D4 = {
			isa = PBXGroup;
			children = (
				43A5D3FD20D4EF69004612D4 /* unicon */,
				43A5D41220D4EF6B004612D4 /* uniconTests */,
				43A5D41D20D4EF6B004612D4 /* uniconUITests */,
				43A5D3FC20D4EF69004612D4 /* Products */,
			);
			sourceTree = "<group>";
		};
		43A5D3FC20D4EF69004612D4 /* Products */ = {
			isa = PBXGroup;
			children = (
				43A5D3FB20D4EF69004612D4 /* unicon.app */,
				43A5D40F20D4EF6B004612D4 /* uniconTests.xctest */,
				43A5D41A20D4EF6B004612D4 /* uniconUITests.xctest */,
			);
			name = Products;
			sourceTree = "<group>";
		};
		43A5D3FD20D4EF69004612D4 /* unicon */ = {
			isa = PBXGroup;
			children = (
				43A5D3FE20D4EF69004612D4 /* AppDelegate.swift */,
				43A5D40020D4EF69004612D4 /* ViewController.swift */,
				43A5D40220D4EF69004612D4 /* Main.storyboard */,
				43A5D40520D4EF6B004612D4 /* Assets.xcassets */,
				43A5D40720D4EF6B004612D4 /* LaunchScreen.storyboard */,
				43A5D40A20D4EF6B004612D4 /* Info.plist */,
			);
			path = unicon;
			sourceTree = "<group>";
		};
		43A5D41220D4EF6B004612D4 /* uniconTests */ = {
			isa = PBXGroup;
			children = (
				43A5D41320D4EF6B004612D4 /* uniconTests.swift */,
				43A5D41520D4EF6B004612D4 /* Info.plist */,
			);
			path = uniconTests;
			sourceTree = "<group>";
		};
		43A5D41D20D4EF6B004612D4 /* uniconUITests */ = {
			isa = PBXGroup;
			children = (
				43A5D41E20D4EF6B004612D4 /* uniconUITests.swift */,
				43A5D42020D4EF6B004612D4 /* Info.plist */,
			);
			path = uniconUITests;
			sourceTree = "<group>";
		};
/* End PBXGroup section */

/* Begin PBXNativeTarget section */
		43A5D3FA20D4EF68004612D4 /* unicon */ = {
			isa = PBXNativeTarget;
			buildConfigurationList = 43A5D42320D4EF6B004612D4 /* Build configuration list for PBXNativeTarget "unicon" */;
			buildPhases = (
				43A5D3F720D4EF68004612D4 /* Sources */,
				43A5D3F820D4EF68004612D4 /* Frameworks */,
				43A5D3F920D4EF68004612D4 /* Resources */,
			);
			buildRules = (
			);
			dependencies = (
			);
			name = unicon;
			productName = unicon;
			productReference = 43A5D3FB20D4EF69004612D4 /* unicon.app */;
			productType = "com.apple.product-type.application";
		};
		43A5D40E20D4EF6B004612D4 /* uniconTests */ = {
			isa = PBXNativeTarget;
			buildConfigurationList = 43A5D42620D4EF6B004612D4 /* Build configuration list for PBXNativeTarget "uniconTests" */;
			buildPhases = (
				43A5D40B20D4EF6B004612D4 /* Sources */,
				43A5D40C20D4EF6B004612D4 /* Frameworks */,
				43A5D40D20D4EF6B004612D4 /* Resources */,
			);
			buildRules = (
			);
			dependencies = (
				43A5D41120D4EF6B004612D4 /* PBXTargetDependency */,
			);
			name = uniconTests;
			productName = uniconTests;
			productReference = 43A5D40F20D4EF6B004612D4 /* uniconTests.xctest */;
			productType = "com.apple.product-type.bundle.unit-test";
		};
		43A5D41920D4EF6B004612D4 /* uniconUITests */ = {
			isa = PBXNativeTarget;
			buildConfigurationList = 43A5D42920D4EF6B004612D4 /* Build configuration list for PBXNativeTarget "uniconUITests" */;
			buildPhases = (
				43A5D41620D4EF6B004612D4 /* Sources */,
				43A5D41720D4EF6B004612D4 /* Frameworks */,
				43A5D41820D4EF6B004612D4 /* Resources */,
			);
			buildRules = (
			);
			dependencies = (
				43A5D41C20D4EF6B004612D4 /* PBXTargetDependency */,
			);
			name = uniconUITests;
			productName = uniconUITests;
			productReference = 43A5D41A20D4EF6B004612D4 /* uniconUITests.xctest */;
			productType = "com.apple.product-type.bundle.ui-testing";
		};
/* End PBXNativeTarget section */

/* Begin PBXProject section */
		43A5D3F320D4EF68004612D4 /* Project object */ = {
			isa = PBXProject;
			attributes = {
				LastSwiftUpdateCheck = 0940;
				LastUpgradeCheck = 0940;
				ORGANIZATIONNAME = "Imajin Kawabe";
				TargetAttributes = {
					43A5D3FA20D4EF68004612D4 = {
						CreatedOnToolsVersion = 9.4;
					};
					43A5D40E20D4EF6B004612D4 = {
						CreatedOnToolsVersion = 9.4;
						TestTargetID = 43A5D3FA20D4EF68004612D4;
					};
					43A5D41920D4EF6B004612D4 = {
						CreatedOnToolsVersion = 9.4;
						TestTargetID = 43A5D3FA20D4EF68004612D4;
					};
				};
			};
			buildConfigurationList = 43A5D3F620D4EF68004612D4 /* Build configuration list for PBXProject "unicon" */;
			compatibilityVersion = "Xcode 9.3";
			developmentRegion = en;
			hasScannedForEncodings = 0;
			knownRegions = (
				en,
				Base,
			);
			mainGroup = 43A5D3F220D4EF68004612D4;
			productRefGroup = 43A5D3FC20D4EF69004612D4 /* Products */;
			projectDirPath = "";
			projectRoot = "";
			targets = (
				43A5D3FA20D4EF68004612D4 /* unicon */,
				43A5D40E20D4EF6B004612D4 /* uniconTests */,
				43A5D41920D4EF6B004612D4 /* uniconUITests */,
			);
		};
/* End PBXProject section */

/* Begin PBXResourcesBuildPhase section */
		43A5D3F920D4EF68004612D4 /* Resources */ = {
			isa = PBXResourcesBuildPhase;
			buildActionMask = 2147483647;
			files = (
				43A5D40920D4EF6B004612D4 /* LaunchScreen.storyboard in Resources */,
				43A5D40620D4EF6B004612D4 /* Assets.xcassets in Resources */,
				43A5D40420D4EF69004612D4 /* Main.storyboard in Resources */,
			);
			runOnlyForDeploymentPostprocessing = 0;
		};
		43A5D40D20D4EF6B004612D4 /* Resources */ = {
			isa = PBXResourcesBuildPhase;
			buildActionMask = 2147483647;
			files = (
			);
			runOnlyForDeploymentPostprocessing = 0;
		};
		43A5D41820D4EF6B004612D4 /* Resources */ = {
			isa = PBXResourcesBuildPhase;
			buildActionMask = 2147483647;
			files = (
			);
			runOnlyForDeploymentPostprocessing = 0;
		};
/* End PBXResourcesBuildPhase section */

/* Begin PBXSourcesBuildPhase section */
		43A5D3F720D4EF68004612D4 /* Sources */ = {
			isa = PBXSourcesBuildPhase;
			buildActionMask = 2147483647;
			files = (
				43A5D40120D4EF69004612D4 /* ViewController.swift in Sources */,
				43A5D3FF20D4EF69004612D4 /* AppDelegate.swift in Sources */,
			);
			runOnlyForDeploymentPostprocessing = 0;
		};
		43A5D40B20D4EF6B004612D4 /* Sources */ = {
			isa = PBXSourcesBuildPhase;
			buildActionMask = 2147483647;
			files = (
				43A5D41420D4EF6B004612D4 /* uniconTests.swift in Sources */,
			);
			runOnlyForDeploymentPostprocessing = 0;
		};
		43A5D41620D4EF6B004612D4 /* Sources */ = {
			isa = PBXSourcesBuildPhase;
			buildActionMask = 2147483647;
			files = (
				43A5D41F20D4EF6B004612D4 /* uniconUITests.swift in Sources */,
			);
			runOnlyForDeploymentPostprocessing = 0;
		};
/* End PBXSourcesBuildPhase section */

/* Begin PBXTargetDependency section */
		43A5D41120D4EF6B004612D4 /* PBXTargetDependency */ = {
			isa = PBXTargetDependency;
			target = 43A5D3FA20D4EF68004612D4 /* unicon */;
			targetProxy = 43A5D41020D4EF6B004612D4 /* PBXContainerItemProxy */;
		};
		43A5D41C20D4EF6B004612D4 /* PBXTargetDependency */ = {
			isa = PBXTargetDependency;
			target = 43A5D3FA20D4EF68004612D4 /* unicon */;
			targetProxy = 43A5D41B20D4EF6B004612D4 /* PBXContainerItemProxy */;
		};
/* End PBXTargetDependency section */

/* Begin PBXVariantGroup section */
		43A5D40220D4EF69004612D4 /* Main.storyboard */ = {
			isa = PBXVariantGroup;
			children = (
				43A5D40320D4EF69004612D4 /* Base */,
			);
			name = Main.storyboard;
			sourceTree = "<group>";
		};
		43A5D40720D4EF6B004612D4 /* LaunchScreen.storyboard */ = {
			isa = PBXVariantGroup;
			children = (
				43A5D40820D4EF6B004612D4 /* Base */,
			);
			name = LaunchScreen.storyboard;
			sourceTree = "<group>";
		};
/* End PBXVariantGroup section */

/* Begin XCBuildConfiguration section */
		43A5D42120D4EF6B004612D4 /* Debug */ = {
			isa = XCBuildConfiguration;
			buildSettings = {
				ALWAYS_SEARCH_USER_PATHS = NO;
				CLANG_ANALYZER_NONNULL = YES;
				CLANG_ANALYZER_NUMBER_OBJECT_CONVERSION = YES_AGGRESSIVE;
				CLANG_CXX_LANGUAGE_STANDARD = "gnu++14";
				CLANG_CXX_LIBRARY = "libc++";
				CLANG_ENABLE_MODULES = YES;
				CLANG_ENABLE_OBJC_ARC = YES;
				CLANG_ENABLE_OBJC_WEAK = YES;
				CLANG_WARN_BLOCK_CAPTURE_AUTORELEASING = YES;
				CLANG_WARN_BOOL_CONVERSION = YES;
				CLANG_WARN_COMMA = YES;
				CLANG_WARN_CONSTANT_CONVERSION = YES;
				CLANG_WARN_DEPRECATED_OBJC_IMPLEMENTATIONS = YES;
				CLANG_WARN_DIRECT_OBJC_ISA_USAGE = YES_ERROR;
				CLANG_WARN_DOCUMENTATION_COMMENTS = YES;
				CLANG_WARN_EMPTY_BODY = YES;
				CLANG_WARN_ENUM_CONVERSION = YES;
				CLANG_WARN_INFINITE_RECURSION = YES;
				CLANG_WARN_INT_CONVERSION = YES;
				CLANG_WARN_NON_LITERAL_NULL_CONVERSION = YES;
				CLANG_WARN_OBJC_IMPLICIT_RETAIN_SELF = YES;
				CLANG_WARN_OBJC_LITERAL_CONVERSION = YES;
				CLANG_WARN_OBJC_ROOT_CLASS = YES_ERROR;
				CLANG_WARN_RANGE_LOOP_ANALYSIS = YES;
				CLANG_WARN_STRICT_PROTOTYPES = YES;
				CLANG_WARN_SUSPICIOUS_MOVE = YES;
				CLANG_WARN_UNGUARDED_AVAILABILITY = YES_AGGRESSIVE;
				CLANG_WARN_UNREACHABLE_CODE = YES;
				CLANG_WARN__DUPLICATE_METHOD_MATCH = YES;
				CODE_SIGN_IDENTITY = "iPhone Developer";
				COPY_PHASE_STRIP = NO;
				DEBUG_INFORMATION_FORMAT = dwarf;
				ENABLE_STRICT_OBJC_MSGSEND = YES;
				ENABLE_TESTABILITY = YES;
				GCC_C_LANGUAGE_STANDARD = gnu11;
				GCC_DYNAMIC_NO_PIC = NO;
				GCC_NO_COMMON_BLOCKS = YES;
				GCC_OPTIMIZATION_LEVEL = 0;
				GCC_PREPROCESSOR_DEFINITIONS = (
					"DEBUG=1",
					"$(inherited)",
				);
				GCC_WARN_64_TO_32_BIT_CONVERSION = YES;
				GCC_WARN_ABOUT_RETURN_TYPE = YES_ERROR;
				GCC_WARN_UNDECLARED_SELECTOR = YES;
				GCC_WARN_UNINITIALIZED_AUTOS = YES_AGGRESSIVE;
				GCC_WARN_UNUSED_FUNCTION = YES;
				GCC_WARN_UNUSED_VARIABLE = YES;
				IPHONEOS_DEPLOYMENT_TARGET = 11.4;
				MTL_ENABLE_DEBUG_INFO = YES;
				ONLY_ACTIVE_ARCH = YES;
				SDKROOT = iphoneos;
				SWIFT_ACTIVE_COMPILATION_CONDITIONS = DEBUG;
				SWIFT_OPTIMIZATION_LEVEL = "-Onone";
			};
			name = Debug;
		};
		43A5D42220D4EF6B004612D4 /* Release */ = {
			isa = XCBuildConfiguration;
			buildSettings = {
				ALWAYS_SEARCH_USER_PATHS = NO;
				CLANG_ANALYZER_NONNULL = YES;
				CLANG_ANALYZER_NUMBER_OBJECT_CONVERSION = YES_AGGRESSIVE;
				CLANG_CXX_LANGUAGE_STANDARD = "gnu++14";
				CLANG_CXX_LIBRARY = "libc++";
				CLANG_ENABLE_MODULES = YES;
				CLANG_ENABLE_OBJC_ARC = YES;
				CLANG_ENABLE_OBJC_WEAK = YES;
				CLANG_WARN_BLOCK_CAPTURE_AUTORELEASING = YES;
				CLANG_WARN_BOOL_CONVERSION = YES;
				CLANG_WARN_COMMA = YES;
				CLANG_WARN_CONSTANT_CONVERSION = YES;
				CLANG_WARN_DEPRECATED_OBJC_IMPLEMENTATIONS = YES;
				CLANG_WARN_DIRECT_OBJC_ISA_USAGE = YES_ERROR;
				CLANG_WARN_DOCUMENTATION_COMMENTS = YES;
				CLANG_WARN_EMPTY_BODY = YES;
				CLANG_WARN_ENUM_CONVERSION = YES;
				CLANG_WARN_INFINITE_RECURSION = YES;
				CLANG_WARN_INT_CONVERSION = YES;
				CLANG_WARN_NON_LITERAL_NULL_CONVERSION = YES;
				CLANG_WARN_OBJC_IMPLICIT_RETAIN_SELF = YES;
				CLANG_WARN_OBJC_LITERAL_CONVERSION = YES;
				CLANG_WARN_OBJC_ROOT_CLASS = YES_ERROR;
				CLANG_WARN_RANGE_LOOP_ANALYSIS = YES;
				CLANG_WARN_STRICT_PROTOTYPES = YES;
				CLANG_WARN_SUSPICIOUS_MOVE = YES;
				CLANG_WARN_UNGUARDED_AVAILABILITY = YES_AGGRESSIVE;
				CLANG_WARN_UNREACHABLE_CODE = YES;
				CLANG_WARN__DUPLICATE_METHOD_MATCH = YES;
				CODE_SIGN_IDENTITY = "iPhone Developer";
				COPY_PHASE_STRIP = NO;
				DEBUG_INFORMATION_FORMAT = "dwarf-with-dsym";
				ENABLE_NS_ASSERTIONS = NO;
				ENABLE_STRICT_OBJC_MSGSEND = YES;
				GCC_C_LANGUAGE_STANDARD = gnu11;
				GCC_NO_COMMON_BLOCKS = YES;
				GCC_WARN_64_TO_32_BIT_CONVERSION = YES;
				GCC_WARN_ABOUT_RETURN_TYPE = YES_ERROR;
				GCC_WARN_UNDECLARED_SELECTOR = YES;
				GCC_WARN_UNINITIALIZED_AUTOS = YES_AGGRESSIVE;
				GCC_WARN_UNUSED_FUNCTION = YES;
				GCC_WARN_UNUSED_VARIABLE = YES;
				IPHONEOS_DEPLOYMENT_TARGET = 11.4;
				MTL_ENABLE_DEBUG_INFO = NO;
				SDKROOT = iphoneos;
				SWIFT_COMPILATION_MODE = wholemodule;
				SWIFT_OPTIMIZATION_LEVEL = "-O";
				VALIDATE_PRODUCT = YES;
			};
			name = Release;
		};
		43A5D42420D4EF6B004612D4 /* Debug */ = {
			isa = XCBuildConfiguration;
			buildSettings = {
				ASSETCATALOG_COMPILER_APPICON_NAME = AppIcon;
				CODE_SIGN_STYLE = Automatic;
				DEVELOPMENT_TEAM = C3FK994J42;
				INFOPLIST_FILE = unicon/Info.plist;
				IPHONEOS_DEPLOYMENT_TARGET = 10.3;
				LD_RUNPATH_SEARCH_PATHS = (
					"$(inherited)",
					"@executable_path/Frameworks",
				);
				PRODUCT_BUNDLE_IDENTIFIER = tokyo.imaginez.unicon;
				PRODUCT_NAME = "$(TARGET_NAME)";
				SWIFT_VERSION = 4.0;
				TARGETED_DEVICE_FAMILY = "1,2";
			};
			name = Debug;
		};
		43A5D42520D4EF6B004612D4 /* Release */ = {
			isa = XCBuildConfiguration;
			buildSettings = {
				ASSETCATALOG_COMPILER_APPICON_NAME = AppIcon;
				CODE_SIGN_STYLE = Automatic;
				DEVELOPMENT_TEAM = C3FK994J42;
				INFOPLIST_FILE = unicon/Info.plist;
				IPHONEOS_DEPLOYMENT_TARGET = 10.3;
				LD_RUNPATH_SEARCH_PATHS = (
					"$(inherited)",
					"@executable_path/Frameworks",
				);
				PRODUCT_BUNDLE_IDENTIFIER = tokyo.imaginez.unicon;
				PRODUCT_NAME = "$(TARGET_NAME)";
				SWIFT_VERSION = 4.0;
				TARGETED_DEVICE_FAMILY = "1,2";
			};
			name = Release;
		};
		43A5D42720D4EF6B004612D4 /* Debug */ = {
			isa = XCBuildConfiguration;
			buildSettings = {
				ALWAYS_EMBED_SWIFT_STANDARD_LIBRARIES = YES;
				BUNDLE_LOADER = "$(TEST_HOST)";
				CODE_SIGN_STYLE = Automatic;
				DEVELOPMENT_TEAM = C3FK994J42;
				INFOPLIST_FILE = uniconTests/Info.plist;
				LD_RUNPATH_SEARCH_PATHS = (
					"$(inherited)",
					"@executable_path/Frameworks",
					"@loader_path/Frameworks",
				);
				PRODUCT_BUNDLE_IDENTIFIER = tokyo.imaginez.uniconTests;
				PRODUCT_NAME = "$(TARGET_NAME)";
				SWIFT_VERSION = 4.0;
				TARGETED_DEVICE_FAMILY = "1,2";
				TEST_HOST = "$(BUILT_PRODUCTS_DIR)/unicon.app/unicon";
			};
			name = Debug;
		};
		43A5D42820D4EF6B004612D4 /* Release */ = {
			isa = XCBuildConfiguration;
			buildSettings = {
				ALWAYS_EMBED_SWIFT_STANDARD_LIBRARIES = YES;
				BUNDLE_LOADER = "$(TEST_HOST)";
				CODE_SIGN_STYLE = Automatic;
				DEVELOPMENT_TEAM = C3FK994J42;
				INFOPLIST_FILE = uniconTests/Info.plist;
				LD_RUNPATH_SEARCH_PATHS = (
					"$(inherited)",
					"@executable_path/Frameworks",
					"@loader_path/Frameworks",
				);
				PRODUCT_BUNDLE_IDENTIFIER = tokyo.imaginez.uniconTests;
				PRODUCT_NAME = "$(TARGET_NAME)";
				SWIFT_VERSION = 4.0;
				TARGETED_DEVICE_FAMILY = "1,2";
				TEST_HOST = "$(BUILT_PRODUCTS_DIR)/unicon.app/unicon";
			};
			name = Release;
		};
		43A5D42A20D4EF6B004612D4 /* Debug */ = {
			isa = XCBuildConfiguration;
			buildSettings = {
				ALWAYS_EMBED_SWIFT_STANDARD_LIBRARIES = YES;
				CODE_SIGN_STYLE = Automatic;
				DEVELOPMENT_TEAM = C3FK994J42;
				INFOPLIST_FILE = uniconUITests/Info.plist;
				LD_RUNPATH_SEARCH_PATHS = (
					"$(inherited)",
					"@executable_path/Frameworks",
					"@loader_path/Frameworks",
				);
				PRODUCT_BUNDLE_IDENTIFIER = tokyo.imaginez.uniconUITests;
				PRODUCT_NAME = "$(TARGET_NAME)";
				SWIFT_VERSION = 4.0;
				TARGETED_DEVICE_FAMILY = "1,2";
				TEST_TARGET_NAME = unicon;
			};
			name = Debug;
		};
		43A5D42B20D4EF6B004612D4 /* Release */ = {
			isa = XCBuildConfiguration;
			buildSettings = {
				ALWAYS_EMBED_SWIFT_STANDARD_LIBRARIES = YES;
				CODE_SIGN_STYLE = Automatic;
				DEVELOPMENT_TEAM = C3FK994J42;
				INFOPLIST_FILE = uniconUITests/Info.plist;
				LD_RUNPATH_SEARCH_PATHS = (
					"$(inherited)",
					"@executable_path/Frameworks",
					"@loader_path/Frameworks",
				);
				PRODUCT_BUNDLE_IDENTIFIER = tokyo.imaginez.uniconUITests;
				PRODUCT_NAME = "$(TARGET_NAME)";
				SWIFT_VERSION = 4.0;
				TARGETED_DEVICE_FAMILY = "1,2";
				TEST_TARGET_NAME = unicon;
			};
			name = Release;
		};
/* End XCBuildConfiguration section */

/* Begin XCConfigurationList section */
		43A5D3F620D4EF68004612D4 /* Build configuration list for PBXProject "unicon" */ = {
			isa = XCConfigurationList;
			buildConfigurations = (
				43A5D42120D4EF6B004612D4 /* Debug */,
				43A5D42220D4EF6B004612D4 /* Release */,
			);
			defaultConfigurationIsVisible = 0;
			defaultConfigurationName = Release;
		};
		43A5D42320D4EF6B004612D4 /* Build configuration list for PBXNativeTarget "unicon" */ = {
			isa = XCConfigurationList;
			buildConfigurations = (
				43A5D42420D4EF6B004612D4 /* Debug */,
				43A5D42520D4EF6B004612D4 /* Release */,
			);
			defaultConfigurationIsVisible = 0;
			defaultConfigurationName = Release;
		};
		43A5D42620D4EF6B004612D4 /* Build configuration list for PBXNativeTarget "uniconTests" */ = {
			isa = XCConfigurationList;
			buildConfigurations = (
				43A5D42720D4EF6B004612D4 /* Debug */,
				43A5D42820D4EF6B004612D4 /* Release */,
			);
			defaultConfigurationIsVisible = 0;
			defaultConfigurationName = Release;
		};
		43A5D42920D4EF6B004612D4 /* Build configuration list for PBXNativeTarget "uniconUITests" */ = {
			isa = XCConfigurationList;
			buildConfigurations = (
				43A5D42A20D4EF6B004612D4 /* Debug */,
				43A5D42B20D4EF6B004612D4 /* Release */,
			);
			defaultConfigurationIsVisible = 0;
			defaultConfigurationName = Release;
		};
/* End XCConfigurationList section */
	};
	rootObject = 43A5D3F320D4EF68004612D4 /* Project object */;
}
