// !$*UTF8*$!
{
	archiveVersion = 1;
	classes = {
	};
	objectVersion = 50;
	objects = {

/* Begin PBXBuildFile section */
		17039679FCBD540BE19E0BBA /* Pods_uniconUITests.framework in Frameworks */ = {isa = PBXBuildFile; fileRef = 4D7D381A8C0C5B8CA065E2B6 /* Pods_uniconUITests.framework */; };
		1A9D85CF537E510B5969CE22 /* Pods_unicon.framework in Frameworks */ = {isa = PBXBuildFile; fileRef = 13D5178DA3733E4B0CC2E104 /* Pods_unicon.framework */; settings = {ATTRIBUTES = (Required, ); }; };
		202F29F720DF7F9A001C8210 /* CardView.swift in Sources */ = {isa = PBXBuildFile; fileRef = 202F29F620DF7F9A001C8210 /* CardView.swift */; };
		202F29F920DF82E7001C8210 /* CardView.xib in Resources */ = {isa = PBXBuildFile; fileRef = 202F29F820DF82E7001C8210 /* CardView.xib */; };
		202F29FB20DF8523001C8210 /* ChatViewController.swift in Sources */ = {isa = PBXBuildFile; fileRef = 202F29FA20DF8522001C8210 /* ChatViewController.swift */; };
		2037633520D8F8D200A86A75 /* MatchingViewController.swift in Sources */ = {isa = PBXBuildFile; fileRef = 2037633420D8F8D200A86A75 /* MatchingViewController.swift */; };
		20522ECE20F1E8F20072CF1D /* EditMyProfileViewController.swift in Sources */ = {isa = PBXBuildFile; fileRef = 43E5C03020ECB34200948D1A /* EditMyProfileViewController.swift */; };
		20522ECF20F1E8F20072CF1D /* Constants.swift in Sources */ = {isa = PBXBuildFile; fileRef = 43C6C70B20EF5C4A0053FCD2 /* Constants.swift */; };
		20522ED020F1E8F20072CF1D /* SelectTeamViewController.swift in Sources */ = {isa = PBXBuildFile; fileRef = 43E5C02E20E887E800948D1A /* SelectTeamViewController.swift */; };
		20522ED120F1E8F20072CF1D /* MyProfileViewController.swift in Sources */ = {isa = PBXBuildFile; fileRef = 435727D620E47C9700720C41 /* MyProfileViewController.swift */; };
		20522ED220F1E8F20072CF1D /* SetTeamNameViewController.swift in Sources */ = {isa = PBXBuildFile; fileRef = 43222D0E20D67D2600B3DB50 /* SetTeamNameViewController.swift */; };
		20522ED320F1E8F20072CF1D /* TeamListTableViewCell.swift in Sources */ = {isa = PBXBuildFile; fileRef = 43E5C02A20E885B300948D1A /* TeamListTableViewCell.swift */; };
		20522ED420F1E8F20072CF1D /* MatchingViewController.swift in Sources */ = {isa = PBXBuildFile; fileRef = 2037633420D8F8D200A86A75 /* MatchingViewController.swift */; };
		20522ED520F1E8F20072CF1D /* CropImageViewController.swift in Sources */ = {isa = PBXBuildFile; fileRef = 4338827920E7777E0057B55E /* CropImageViewController.swift */; };
		20522ED620F1E8F20072CF1D /* Storyboard+Utility.siwft.swift in Sources */ = {isa = PBXBuildFile; fileRef = 43222CFF20D6270300B3DB50 /* Storyboard+Utility.siwft.swift */; };
		20522ED720F1E8F20072CF1D /* SetTeamIntroViewController.swift in Sources */ = {isa = PBXBuildFile; fileRef = 43222D1720D7B9C700B3DB50 /* SetTeamIntroViewController.swift */; };
		20522ED820F1E8F20072CF1D /* TeamService.swift in Sources */ = {isa = PBXBuildFile; fileRef = 432FA1D420D8F24A0058A744 /* TeamService.swift */; };
		20522ED920F1E8F20072CF1D /* LoginViewController.swift in Sources */ = {isa = PBXBuildFile; fileRef = 43222CF720D623EA00B3DB50 /* LoginViewController.swift */; };
		20522EDA20F1E8F20072CF1D /* SelectGenderViewController.swift in Sources */ = {isa = PBXBuildFile; fileRef = 43222D1320D7B8E400B3DB50 /* SelectGenderViewController.swift */; };
		20522EDB20F1E8F20072CF1D /* UCPaginationHelper.swift in Sources */ = {isa = PBXBuildFile; fileRef = 43C6C70620EF5B9D0053FCD2 /* UCPaginationHelper.swift */; };
		20522EDC20F1E8F20072CF1D /* User.swift in Sources */ = {isa = PBXBuildFile; fileRef = 4360356620DB41D80092361A /* User.swift */; };
		20522EDD20F1E8F20072CF1D /* CardViewHelper.swift in Sources */ = {isa = PBXBuildFile; fileRef = 43C6C70420EF5B9D0053FCD2 /* CardViewHelper.swift */; };
		20522EDE20F1E8F20072CF1D /* TeamCollectionViewCell.swift in Sources */ = {isa = PBXBuildFile; fileRef = 438045F520E1FCA200FF6BF4 /* TeamCollectionViewCell.swift */; };
		20522EDF20F1E8F20072CF1D /* SelectGenderModalViewController.swift in Sources */ = {isa = PBXBuildFile; fileRef = 43C6C71720EF86350053FCD2 /* SelectGenderModalViewController.swift */; };
		20522EE020F1E8F20072CF1D /* ChatViewController.swift in Sources */ = {isa = PBXBuildFile; fileRef = 202F29FA20DF8522001C8210 /* ChatViewController.swift */; };
		20522EE120F1E8F20072CF1D /* UIExtention.swift in Sources */ = {isa = PBXBuildFile; fileRef = 436C5D5A20DCE6B10002B3AA /* UIExtention.swift */; };
		20522EE220F1E8F20072CF1D /* Team.swift in Sources */ = {isa = PBXBuildFile; fileRef = 4360356F20DB8D700092361A /* Team.swift */; };
		20522EE320F1E8F20072CF1D /* UserHelper.swift in Sources */ = {isa = PBXBuildFile; fileRef = 43C6C70520EF5B9D0053FCD2 /* UserHelper.swift */; };
		20522EE420F1E8F20072CF1D /* SetTeamImageViewController.swift in Sources */ = {isa = PBXBuildFile; fileRef = 43222D1520D7B93300B3DB50 /* SetTeamImageViewController.swift */; };
		20522EE520F1E8F20072CF1D /* CardView.swift in Sources */ = {isa = PBXBuildFile; fileRef = 202F29F620DF7F9A001C8210 /* CardView.swift */; };
		20522EE620F1E8F20072CF1D /* EditTeamProfileViewController.swift in Sources */ = {isa = PBXBuildFile; fileRef = 43C6C70120EF4DBA0053FCD2 /* EditTeamProfileViewController.swift */; };
		20522EE720F1E8F20072CF1D /* CreateOrJoinViewController.swift in Sources */ = {isa = PBXBuildFile; fileRef = 43222D0820D6555A00B3DB50 /* CreateOrJoinViewController.swift */; };
		20522EE820F1E8F20072CF1D /* AppDelegate.swift in Sources */ = {isa = PBXBuildFile; fileRef = 43A5D3FE20D4EF69004612D4 /* AppDelegate.swift */; };
		20522EE920F1E8F20072CF1D /* JoinTeamViewController.swift in Sources */ = {isa = PBXBuildFile; fileRef = 4360357320DC9C950092361A /* JoinTeamViewController.swift */; };
		20522EEA20F1E8F20072CF1D /* UserExtention.swift in Sources */ = {isa = PBXBuildFile; fileRef = 43222D0620D6518900B3DB50 /* UserExtention.swift */; };
		20522EEB20F1E8F20072CF1D /* StorageReference+Image.swift in Sources */ = {isa = PBXBuildFile; fileRef = 432FA1D920D8F4B20058A744 /* StorageReference+Image.swift */; };
		20522EEC20F1E8F20072CF1D /* NewTeamViewController.swift in Sources */ = {isa = PBXBuildFile; fileRef = 43222D1120D7684E00B3DB50 /* NewTeamViewController.swift */; };
		20522EED20F1E8F20072CF1D /* InviteMemberViewController.swift in Sources */ = {isa = PBXBuildFile; fileRef = 4325E51420D7BBF6001C7289 /* InviteMemberViewController.swift */; };
		20522EEE20F1E8F20072CF1D /* UserService.swift in Sources */ = {isa = PBXBuildFile; fileRef = 4360356D20DB78AD0092361A /* UserService.swift */; };
		20522EEF20F1E8F20072CF1D /* SingleTeamViewController.swift in Sources */ = {isa = PBXBuildFile; fileRef = 4360357620DCC8A80092361A /* SingleTeamViewController.swift */; };
		20522EF020F1E8F20072CF1D /* MemberTableViewCell.swift in Sources */ = {isa = PBXBuildFile; fileRef = 43C6C71320EF5E830053FCD2 /* MemberTableViewCell.swift */; };
		20522EF120F1E8F20072CF1D /* CamerarollViewController.swift in Sources */ = {isa = PBXBuildFile; fileRef = 4338827020E755570057B55E /* CamerarollViewController.swift */; };
		20522EF220F1E8F20072CF1D /* ProfileViewController.swift in Sources */ = {isa = PBXBuildFile; fileRef = 43222CFD20D625D500B3DB50 /* ProfileViewController.swift */; };
		20522EF320F1E8F20072CF1D /* StorageService.swift in Sources */ = {isa = PBXBuildFile; fileRef = 432FA1D720D8F43D0058A744 /* StorageService.swift */; };
		20522EF420F1E8F20072CF1D /* CameraRollCollectionViewCell.swift in Sources */ = {isa = PBXBuildFile; fileRef = 4338827520E756F60057B55E /* CameraRollCollectionViewCell.swift */; };
		20522EF620F1E8F20072CF1D /* CropViewController.framework in Frameworks */ = {isa = PBXBuildFile; fileRef = 43E5C02820E7BEB900948D1A /* CropViewController.framework */; };
		20522EF720F1E8F20072CF1D /* BubbleTransition.framework in Frameworks */ = {isa = PBXBuildFile; fileRef = 435727D820E48A4900720C41 /* BubbleTransition.framework */; };
		20522EF820F1E8F20072CF1D /* IQKeyboardManagerSwift.framework in Frameworks */ = {isa = PBXBuildFile; fileRef = 4325E51620D7CC36001C7289 /* IQKeyboardManagerSwift.framework */; };
		20522EF920F1E8F20072CF1D /* Alamofire.framework in Frameworks */ = {isa = PBXBuildFile; fileRef = 43222D0220D64F4400B3DB50 /* Alamofire.framework */; };
		20522EFA20F1E8F20072CF1D /* AlamofireImage.framework in Frameworks */ = {isa = PBXBuildFile; fileRef = 43222D0420D64F4400B3DB50 /* AlamofireImage.framework */; };
		20522EFB20F1E8F20072CF1D /* FacebookCore.framework in Frameworks */ = {isa = PBXBuildFile; fileRef = 43222CEE20D6207600B3DB50 /* FacebookCore.framework */; };
		20522EFC20F1E8F20072CF1D /* FacebookLogin.framework in Frameworks */ = {isa = PBXBuildFile; fileRef = 43222CF020D6207600B3DB50 /* FacebookLogin.framework */; };
		20522EFD20F1E8F20072CF1D /* FacebookShare.framework in Frameworks */ = {isa = PBXBuildFile; fileRef = 43222CF220D6207600B3DB50 /* FacebookShare.framework */; };
		20522EFE20F1E8F20072CF1D /* FBSDKCoreKit.framework in Frameworks */ = {isa = PBXBuildFile; fileRef = 436739DD20D6137900ABDD32 /* FBSDKCoreKit.framework */; };
		20522EFF20F1E8F20072CF1D /* FBSDKLoginKit.framework in Frameworks */ = {isa = PBXBuildFile; fileRef = 436739DF20D6137900ABDD32 /* FBSDKLoginKit.framework */; };
		20522F0020F1E8F20072CF1D /* FirebaseCore.framework in Frameworks */ = {isa = PBXBuildFile; fileRef = 436739E120D6137900ABDD32 /* FirebaseCore.framework */; };
		20522F0320F1E8F20072CF1D /* LaunchScreen.storyboard in Resources */ = {isa = PBXBuildFile; fileRef = 43A5D40720D4EF6B004612D4 /* LaunchScreen.storyboard */; };
		20522F0420F1E8F20072CF1D /* Profile.storyboard in Resources */ = {isa = PBXBuildFile; fileRef = 434BE14920E1CB620015A828 /* Profile.storyboard */; };
		20522F0520F1E8F20072CF1D /* JoinTeam.storyboard in Resources */ = {isa = PBXBuildFile; fileRef = 4360357120DC9B600092361A /* JoinTeam.storyboard */; };
		20522F0620F1E8F20072CF1D /* MemberTableViewCell.xib in Resources */ = {isa = PBXBuildFile; fileRef = 43C6C71420EF5E830053FCD2 /* MemberTableViewCell.xib */; };
		20522F0720F1E8F20072CF1D /* CardView.xib in Resources */ = {isa = PBXBuildFile; fileRef = 202F29F820DF82E7001C8210 /* CardView.xib */; };
		20522F0820F1E8F20072CF1D /* ImagePicker.storyboard in Resources */ = {isa = PBXBuildFile; fileRef = 4338826E20E754AC0057B55E /* ImagePicker.storyboard */; };
		20522F0920F1E8F20072CF1D /* CameraRollCollectionViewCell.xib in Resources */ = {isa = PBXBuildFile; fileRef = 4338827620E756F60057B55E /* CameraRollCollectionViewCell.xib */; };
		20522F0C20F1E8F20072CF1D /* CreateTeam.storyboard in Resources */ = {isa = PBXBuildFile; fileRef = 43222D0C20D67C7800B3DB50 /* CreateTeam.storyboard */; };
		20522F0D20F1E8F20072CF1D /* Main.storyboard in Resources */ = {isa = PBXBuildFile; fileRef = 43222CFB20D625AF00B3DB50 /* Main.storyboard */; };
		20522F0E20F1E8F20072CF1D /* TeamCollectionViewCell.xib in Resources */ = {isa = PBXBuildFile; fileRef = 438045F620E1FCA200FF6BF4 /* TeamCollectionViewCell.xib */; };
		20522F0F20F1E8F20072CF1D /* TeamListTableViewCell.xib in Resources */ = {isa = PBXBuildFile; fileRef = 43E5C02B20E885B300948D1A /* TeamListTableViewCell.xib */; };
		20522F1020F1E8F20072CF1D /* Onboard.storyboard in Resources */ = {isa = PBXBuildFile; fileRef = 43222CF520D622FA00B3DB50 /* Onboard.storyboard */; };
		20522F1120F1E8F20072CF1D /* memo.txt in Resources */ = {isa = PBXBuildFile; fileRef = 43C6C70E20EF5C4A0053FCD2 /* memo.txt */; };
		20522F1220F1E8F20072CF1D /* Assets.xcassets in Resources */ = {isa = PBXBuildFile; fileRef = 43A5D40520D4EF6B004612D4 /* Assets.xcassets */; };
		20522F1B20F1E9730072CF1D /* unicon-dev-Info.plist in Resources */ = {isa = PBXBuildFile; fileRef = 20522F1820F1E8F40072CF1D /* unicon-dev-Info.plist */; };
		20522F1D20F1E98D0072CF1D /* GoogleService-Info.plist in Resources */ = {isa = PBXBuildFile; fileRef = 20522F1C20F1E98D0072CF1D /* GoogleService-Info.plist */; };
		43222CEF20D6207600B3DB50 /* FacebookCore.framework in Frameworks */ = {isa = PBXBuildFile; fileRef = 43222CEE20D6207600B3DB50 /* FacebookCore.framework */; };
		43222CF120D6207600B3DB50 /* FacebookLogin.framework in Frameworks */ = {isa = PBXBuildFile; fileRef = 43222CF020D6207600B3DB50 /* FacebookLogin.framework */; };
		43222CF320D6207600B3DB50 /* FacebookShare.framework in Frameworks */ = {isa = PBXBuildFile; fileRef = 43222CF220D6207600B3DB50 /* FacebookShare.framework */; };
		43222CF620D622FA00B3DB50 /* Onboard.storyboard in Resources */ = {isa = PBXBuildFile; fileRef = 43222CF520D622FA00B3DB50 /* Onboard.storyboard */; };
		43222CF820D623EA00B3DB50 /* LoginViewController.swift in Sources */ = {isa = PBXBuildFile; fileRef = 43222CF720D623EA00B3DB50 /* LoginViewController.swift */; };
		43222CFC20D625AF00B3DB50 /* Main.storyboard in Resources */ = {isa = PBXBuildFile; fileRef = 43222CFB20D625AF00B3DB50 /* Main.storyboard */; };
		43222CFE20D625D500B3DB50 /* ProfileViewController.swift in Sources */ = {isa = PBXBuildFile; fileRef = 43222CFD20D625D500B3DB50 /* ProfileViewController.swift */; };
		43222D0020D6270300B3DB50 /* Storyboard+Utility.siwft.swift in Sources */ = {isa = PBXBuildFile; fileRef = 43222CFF20D6270300B3DB50 /* Storyboard+Utility.siwft.swift */; };
		43222D0320D64F4400B3DB50 /* Alamofire.framework in Frameworks */ = {isa = PBXBuildFile; fileRef = 43222D0220D64F4400B3DB50 /* Alamofire.framework */; };
		43222D0520D64F4400B3DB50 /* AlamofireImage.framework in Frameworks */ = {isa = PBXBuildFile; fileRef = 43222D0420D64F4400B3DB50 /* AlamofireImage.framework */; };
		43222D0720D6518900B3DB50 /* UserExtention.swift in Sources */ = {isa = PBXBuildFile; fileRef = 43222D0620D6518900B3DB50 /* UserExtention.swift */; };
		43222D0920D6555A00B3DB50 /* CreateOrJoinViewController.swift in Sources */ = {isa = PBXBuildFile; fileRef = 43222D0820D6555A00B3DB50 /* CreateOrJoinViewController.swift */; };
		43222D0D20D67C7800B3DB50 /* CreateTeam.storyboard in Resources */ = {isa = PBXBuildFile; fileRef = 43222D0C20D67C7800B3DB50 /* CreateTeam.storyboard */; };
		43222D0F20D67D2600B3DB50 /* SetTeamNameViewController.swift in Sources */ = {isa = PBXBuildFile; fileRef = 43222D0E20D67D2600B3DB50 /* SetTeamNameViewController.swift */; };
		43222D1220D7684E00B3DB50 /* NewTeamViewController.swift in Sources */ = {isa = PBXBuildFile; fileRef = 43222D1120D7684E00B3DB50 /* NewTeamViewController.swift */; };
		43222D1420D7B8E400B3DB50 /* SelectGenderViewController.swift in Sources */ = {isa = PBXBuildFile; fileRef = 43222D1320D7B8E400B3DB50 /* SelectGenderViewController.swift */; };
		43222D1620D7B93400B3DB50 /* SetTeamImageViewController.swift in Sources */ = {isa = PBXBuildFile; fileRef = 43222D1520D7B93300B3DB50 /* SetTeamImageViewController.swift */; };
		43222D1820D7B9C700B3DB50 /* SetTeamIntroViewController.swift in Sources */ = {isa = PBXBuildFile; fileRef = 43222D1720D7B9C700B3DB50 /* SetTeamIntroViewController.swift */; };
		4325E51520D7BBF6001C7289 /* InviteMemberViewController.swift in Sources */ = {isa = PBXBuildFile; fileRef = 4325E51420D7BBF6001C7289 /* InviteMemberViewController.swift */; };
		4325E51720D7CC36001C7289 /* IQKeyboardManagerSwift.framework in Frameworks */ = {isa = PBXBuildFile; fileRef = 4325E51620D7CC36001C7289 /* IQKeyboardManagerSwift.framework */; };
		4328832120F2FEFB009DE24D /* Chat.storyboard in Resources */ = {isa = PBXBuildFile; fileRef = 4328832020F2FEFB009DE24D /* Chat.storyboard */; };
		432FA1D520D8F24A0058A744 /* TeamService.swift in Sources */ = {isa = PBXBuildFile; fileRef = 432FA1D420D8F24A0058A744 /* TeamService.swift */; };
		432FA1D820D8F43D0058A744 /* StorageService.swift in Sources */ = {isa = PBXBuildFile; fileRef = 432FA1D720D8F43D0058A744 /* StorageService.swift */; };
		432FA1DA20D8F4B20058A744 /* StorageReference+Image.swift in Sources */ = {isa = PBXBuildFile; fileRef = 432FA1D920D8F4B20058A744 /* StorageReference+Image.swift */; };
		4338826F20E754AC0057B55E /* ImagePicker.storyboard in Resources */ = {isa = PBXBuildFile; fileRef = 4338826E20E754AC0057B55E /* ImagePicker.storyboard */; };
		4338827120E755570057B55E /* CamerarollViewController.swift in Sources */ = {isa = PBXBuildFile; fileRef = 4338827020E755570057B55E /* CamerarollViewController.swift */; };
		4338827720E756F60057B55E /* CameraRollCollectionViewCell.swift in Sources */ = {isa = PBXBuildFile; fileRef = 4338827520E756F60057B55E /* CameraRollCollectionViewCell.swift */; };
		4338827820E756F60057B55E /* CameraRollCollectionViewCell.xib in Resources */ = {isa = PBXBuildFile; fileRef = 4338827620E756F60057B55E /* CameraRollCollectionViewCell.xib */; };
		4338827A20E7777E0057B55E /* CropImageViewController.swift in Sources */ = {isa = PBXBuildFile; fileRef = 4338827920E7777E0057B55E /* CropImageViewController.swift */; };
		434BE14A20E1CB620015A828 /* Profile.storyboard in Resources */ = {isa = PBXBuildFile; fileRef = 434BE14920E1CB620015A828 /* Profile.storyboard */; };
		435727D720E47C9700720C41 /* MyProfileViewController.swift in Sources */ = {isa = PBXBuildFile; fileRef = 435727D620E47C9700720C41 /* MyProfileViewController.swift */; };
		435727D920E48A4900720C41 /* BubbleTransition.framework in Frameworks */ = {isa = PBXBuildFile; fileRef = 435727D820E48A4900720C41 /* BubbleTransition.framework */; };
		4360356720DB41D80092361A /* User.swift in Sources */ = {isa = PBXBuildFile; fileRef = 4360356620DB41D80092361A /* User.swift */; };
		4360356E20DB78AD0092361A /* UserService.swift in Sources */ = {isa = PBXBuildFile; fileRef = 4360356D20DB78AD0092361A /* UserService.swift */; };
		4360357020DB8D700092361A /* Team.swift in Sources */ = {isa = PBXBuildFile; fileRef = 4360356F20DB8D700092361A /* Team.swift */; };
		4360357220DC9B610092361A /* JoinTeam.storyboard in Resources */ = {isa = PBXBuildFile; fileRef = 4360357120DC9B600092361A /* JoinTeam.storyboard */; };
		4360357420DC9C950092361A /* JoinTeamViewController.swift in Sources */ = {isa = PBXBuildFile; fileRef = 4360357320DC9C950092361A /* JoinTeamViewController.swift */; };
		4360357720DCC8A80092361A /* SingleTeamViewController.swift in Sources */ = {isa = PBXBuildFile; fileRef = 4360357620DCC8A80092361A /* SingleTeamViewController.swift */; };
		436739DE20D6137900ABDD32 /* FBSDKCoreKit.framework in Frameworks */ = {isa = PBXBuildFile; fileRef = 436739DD20D6137900ABDD32 /* FBSDKCoreKit.framework */; };
		436739E020D6137900ABDD32 /* FBSDKLoginKit.framework in Frameworks */ = {isa = PBXBuildFile; fileRef = 436739DF20D6137900ABDD32 /* FBSDKLoginKit.framework */; };
		436739E220D6137900ABDD32 /* FirebaseCore.framework in Frameworks */ = {isa = PBXBuildFile; fileRef = 436739E120D6137900ABDD32 /* FirebaseCore.framework */; };
		436C5D5B20DCE6B10002B3AA /* UIExtention.swift in Sources */ = {isa = PBXBuildFile; fileRef = 436C5D5A20DCE6B10002B3AA /* UIExtention.swift */; };
		438045F720E1FCA200FF6BF4 /* TeamCollectionViewCell.swift in Sources */ = {isa = PBXBuildFile; fileRef = 438045F520E1FCA200FF6BF4 /* TeamCollectionViewCell.swift */; };
		438045F820E1FCA200FF6BF4 /* TeamCollectionViewCell.xib in Resources */ = {isa = PBXBuildFile; fileRef = 438045F620E1FCA200FF6BF4 /* TeamCollectionViewCell.xib */; };
		439A164320F340330028490A /* SingleChatViewController.swift in Sources */ = {isa = PBXBuildFile; fileRef = 439A164220F340330028490A /* SingleChatViewController.swift */; };
		439A164420F340330028490A /* SingleChatViewController.swift in Sources */ = {isa = PBXBuildFile; fileRef = 439A164220F340330028490A /* SingleChatViewController.swift */; };
		439A164720F340B00028490A /* MessageKit.framework in Frameworks */ = {isa = PBXBuildFile; fileRef = 439A164620F340B00028490A /* MessageKit.framework */; };
		439A164C20F344E80028490A /* MockMessage.swift in Sources */ = {isa = PBXBuildFile; fileRef = 439A164B20F344E80028490A /* MockMessage.swift */; };
		439A164D20F344E80028490A /* MockMessage.swift in Sources */ = {isa = PBXBuildFile; fileRef = 439A164B20F344E80028490A /* MockMessage.swift */; };
		439A164E20F350760028490A /* Chat.storyboard in Resources */ = {isa = PBXBuildFile; fileRef = 4328832020F2FEFB009DE24D /* Chat.storyboard */; };
		43A5D3FF20D4EF69004612D4 /* AppDelegate.swift in Sources */ = {isa = PBXBuildFile; fileRef = 43A5D3FE20D4EF69004612D4 /* AppDelegate.swift */; };
		43A5D40620D4EF6B004612D4 /* Assets.xcassets in Resources */ = {isa = PBXBuildFile; fileRef = 43A5D40520D4EF6B004612D4 /* Assets.xcassets */; };
		43A5D40920D4EF6B004612D4 /* LaunchScreen.storyboard in Resources */ = {isa = PBXBuildFile; fileRef = 43A5D40720D4EF6B004612D4 /* LaunchScreen.storyboard */; };
		43A5D41420D4EF6B004612D4 /* uniconTests.swift in Sources */ = {isa = PBXBuildFile; fileRef = 43A5D41320D4EF6B004612D4 /* uniconTests.swift */; };
		43A5D41F20D4EF6B004612D4 /* uniconUITests.swift in Sources */ = {isa = PBXBuildFile; fileRef = 43A5D41E20D4EF6B004612D4 /* uniconUITests.swift */; };
		43C6C70220EF4DBA0053FCD2 /* EditTeamProfileViewController.swift in Sources */ = {isa = PBXBuildFile; fileRef = 43C6C70120EF4DBA0053FCD2 /* EditTeamProfileViewController.swift */; };
		43C6C70720EF5B9D0053FCD2 /* CardViewHelper.swift in Sources */ = {isa = PBXBuildFile; fileRef = 43C6C70420EF5B9D0053FCD2 /* CardViewHelper.swift */; };
		43C6C70820EF5B9D0053FCD2 /* UserHelper.swift in Sources */ = {isa = PBXBuildFile; fileRef = 43C6C70520EF5B9D0053FCD2 /* UserHelper.swift */; };
		43C6C70920EF5B9D0053FCD2 /* UCPaginationHelper.swift in Sources */ = {isa = PBXBuildFile; fileRef = 43C6C70620EF5B9D0053FCD2 /* UCPaginationHelper.swift */; };
		43C6C70F20EF5C4A0053FCD2 /* Constants.swift in Sources */ = {isa = PBXBuildFile; fileRef = 43C6C70B20EF5C4A0053FCD2 /* Constants.swift */; };
		43C6C71020EF5C4A0053FCD2 /* GoogleService-Info.plist in Resources */ = {isa = PBXBuildFile; fileRef = 43C6C70C20EF5C4A0053FCD2 /* GoogleService-Info.plist */; };
		43C6C71120EF5C4A0053FCD2 /* Info.plist in Resources */ = {isa = PBXBuildFile; fileRef = 43C6C70D20EF5C4A0053FCD2 /* Info.plist */; };
		43C6C71220EF5C4A0053FCD2 /* memo.txt in Resources */ = {isa = PBXBuildFile; fileRef = 43C6C70E20EF5C4A0053FCD2 /* memo.txt */; };
		43C6C71520EF5E830053FCD2 /* MemberTableViewCell.swift in Sources */ = {isa = PBXBuildFile; fileRef = 43C6C71320EF5E830053FCD2 /* MemberTableViewCell.swift */; };
		43C6C71620EF5E830053FCD2 /* MemberTableViewCell.xib in Resources */ = {isa = PBXBuildFile; fileRef = 43C6C71420EF5E830053FCD2 /* MemberTableViewCell.xib */; };
		43C6C71820EF86350053FCD2 /* SelectGenderModalViewController.swift in Sources */ = {isa = PBXBuildFile; fileRef = 43C6C71720EF86350053FCD2 /* SelectGenderModalViewController.swift */; };
		43E3552820F33B1C00722369 /* ChatListTableViewCell.swift in Sources */ = {isa = PBXBuildFile; fileRef = 43E3552620F33B1C00722369 /* ChatListTableViewCell.swift */; };
		43E3552920F33B1C00722369 /* ChatListTableViewCell.swift in Sources */ = {isa = PBXBuildFile; fileRef = 43E3552620F33B1C00722369 /* ChatListTableViewCell.swift */; };
		43E3552A20F33B1C00722369 /* ChatListTableViewCell.xib in Resources */ = {isa = PBXBuildFile; fileRef = 43E3552720F33B1C00722369 /* ChatListTableViewCell.xib */; };
		43E3552B20F33B1C00722369 /* ChatListTableViewCell.xib in Resources */ = {isa = PBXBuildFile; fileRef = 43E3552720F33B1C00722369 /* ChatListTableViewCell.xib */; };
		43E5C02920E7BEB900948D1A /* CropViewController.framework in Frameworks */ = {isa = PBXBuildFile; fileRef = 43E5C02820E7BEB900948D1A /* CropViewController.framework */; };
		43E5C02C20E885B300948D1A /* TeamListTableViewCell.swift in Sources */ = {isa = PBXBuildFile; fileRef = 43E5C02A20E885B300948D1A /* TeamListTableViewCell.swift */; };
		43E5C02D20E885B300948D1A /* TeamListTableViewCell.xib in Resources */ = {isa = PBXBuildFile; fileRef = 43E5C02B20E885B300948D1A /* TeamListTableViewCell.xib */; };
		43E5C02F20E887E800948D1A /* SelectTeamViewController.swift in Sources */ = {isa = PBXBuildFile; fileRef = 43E5C02E20E887E800948D1A /* SelectTeamViewController.swift */; };
		43E5C03120ECB34200948D1A /* EditMyProfileViewController.swift in Sources */ = {isa = PBXBuildFile; fileRef = 43E5C03020ECB34200948D1A /* EditMyProfileViewController.swift */; };
		75B634D3422B6156D445F3B1 /* Pods_unicon.framework in Frameworks */ = {isa = PBXBuildFile; fileRef = 13D5178DA3733E4B0CC2E104 /* Pods_unicon.framework */; };
		8B224869A6AF6C464EB2EAA0 /* Pods_uniconTests.framework in Frameworks */ = {isa = PBXBuildFile; fileRef = 624430D82291BC6D38F40ACB /* Pods_uniconTests.framework */; };
/* End PBXBuildFile section */

/* Begin PBXContainerItemProxy section */
		43A5D41020D4EF6B004612D4 /* PBXContainerItemProxy */ = {
			isa = PBXContainerItemProxy;
			containerPortal = 43A5D3F320D4EF68004612D4 /* Project object */;
			proxyType = 1;
			remoteGlobalIDString = 43A5D3FA20D4EF68004612D4;
			remoteInfo = unicon;
		};
		43A5D41B20D4EF6B004612D4 /* PBXContainerItemProxy */ = {
			isa = PBXContainerItemProxy;
			containerPortal = 43A5D3F320D4EF68004612D4 /* Project object */;
			proxyType = 1;
			remoteGlobalIDString = 43A5D3FA20D4EF68004612D4;
			remoteInfo = unicon;
		};
/* End PBXContainerItemProxy section */

/* Begin PBXFileReference section */
		0BC9CBD621C5F9265C50ECA4 /* Pods-uniconTests.debug.xcconfig */ = {isa = PBXFileReference; includeInIndex = 1; lastKnownFileType = text.xcconfig; name = "Pods-uniconTests.debug.xcconfig"; path = "Pods/Target Support Files/Pods-uniconTests/Pods-uniconTests.debug.xcconfig"; sourceTree = "<group>"; };
		13D5178DA3733E4B0CC2E104 /* Pods_unicon.framework */ = {isa = PBXFileReference; explicitFileType = wrapper.framework; includeInIndex = 0; path = Pods_unicon.framework; sourceTree = BUILT_PRODUCTS_DIR; };
		202F29F620DF7F9A001C8210 /* CardView.swift */ = {isa = PBXFileReference; lastKnownFileType = sourcecode.swift; path = CardView.swift; sourceTree = "<group>"; };
		202F29F820DF82E7001C8210 /* CardView.xib */ = {isa = PBXFileReference; lastKnownFileType = file.xib; path = CardView.xib; sourceTree = "<group>"; };
		202F29FA20DF8522001C8210 /* ChatViewController.swift */ = {isa = PBXFileReference; fileEncoding = 4; lastKnownFileType = sourcecode.swift; path = ChatViewController.swift; sourceTree = "<group>"; };
		2037633420D8F8D200A86A75 /* MatchingViewController.swift */ = {isa = PBXFileReference; lastKnownFileType = sourcecode.swift; path = MatchingViewController.swift; sourceTree = "<group>"; };
		20522F1720F1E8F20072CF1D /* unicon-dev.app */ = {isa = PBXFileReference; explicitFileType = wrapper.application; includeInIndex = 0; path = "unicon-dev.app"; sourceTree = BUILT_PRODUCTS_DIR; };
		20522F1820F1E8F40072CF1D /* unicon-dev-Info.plist */ = {isa = PBXFileReference; lastKnownFileType = text.plist.xml; name = "unicon-dev-Info.plist"; path = "/Users/yohanashima/Documents/unicon/unicon-dev-Info.plist"; sourceTree = "<absolute>"; };
		20522F1C20F1E98D0072CF1D /* GoogleService-Info.plist */ = {isa = PBXFileReference; fileEncoding = 4; lastKnownFileType = text.plist.xml; path = "GoogleService-Info.plist"; sourceTree = "<group>"; };
		3E52A37223596E89EEAB8C73 /* Pods-uniconUITests.release.xcconfig */ = {isa = PBXFileReference; includeInIndex = 1; lastKnownFileType = text.xcconfig; name = "Pods-uniconUITests.release.xcconfig"; path = "Pods/Target Support Files/Pods-uniconUITests/Pods-uniconUITests.release.xcconfig"; sourceTree = "<group>"; };
		43222CEE20D6207600B3DB50 /* FacebookCore.framework */ = {isa = PBXFileReference; explicitFileType = wrapper.framework; path = FacebookCore.framework; sourceTree = BUILT_PRODUCTS_DIR; };
		43222CF020D6207600B3DB50 /* FacebookLogin.framework */ = {isa = PBXFileReference; explicitFileType = wrapper.framework; path = FacebookLogin.framework; sourceTree = BUILT_PRODUCTS_DIR; };
		43222CF220D6207600B3DB50 /* FacebookShare.framework */ = {isa = PBXFileReference; explicitFileType = wrapper.framework; path = FacebookShare.framework; sourceTree = BUILT_PRODUCTS_DIR; };
		43222CF520D622FA00B3DB50 /* Onboard.storyboard */ = {isa = PBXFileReference; lastKnownFileType = file.storyboard; path = Onboard.storyboard; sourceTree = "<group>"; };
		43222CF720D623EA00B3DB50 /* LoginViewController.swift */ = {isa = PBXFileReference; lastKnownFileType = sourcecode.swift; path = LoginViewController.swift; sourceTree = "<group>"; };
		43222CFB20D625AF00B3DB50 /* Main.storyboard */ = {isa = PBXFileReference; lastKnownFileType = file.storyboard; path = Main.storyboard; sourceTree = "<group>"; };
		43222CFD20D625D500B3DB50 /* ProfileViewController.swift */ = {isa = PBXFileReference; lastKnownFileType = sourcecode.swift; path = ProfileViewController.swift; sourceTree = "<group>"; };
		43222CFF20D6270300B3DB50 /* Storyboard+Utility.siwft.swift */ = {isa = PBXFileReference; lastKnownFileType = sourcecode.swift; path = "Storyboard+Utility.siwft.swift"; sourceTree = "<group>"; };
		43222D0220D64F4400B3DB50 /* Alamofire.framework */ = {isa = PBXFileReference; explicitFileType = wrapper.framework; path = Alamofire.framework; sourceTree = BUILT_PRODUCTS_DIR; };
		43222D0420D64F4400B3DB50 /* AlamofireImage.framework */ = {isa = PBXFileReference; explicitFileType = wrapper.framework; path = AlamofireImage.framework; sourceTree = BUILT_PRODUCTS_DIR; };
		43222D0620D6518900B3DB50 /* UserExtention.swift */ = {isa = PBXFileReference; lastKnownFileType = sourcecode.swift; path = UserExtention.swift; sourceTree = "<group>"; };
		43222D0820D6555A00B3DB50 /* CreateOrJoinViewController.swift */ = {isa = PBXFileReference; lastKnownFileType = sourcecode.swift; path = CreateOrJoinViewController.swift; sourceTree = "<group>"; };
		43222D0C20D67C7800B3DB50 /* CreateTeam.storyboard */ = {isa = PBXFileReference; lastKnownFileType = file.storyboard; path = CreateTeam.storyboard; sourceTree = "<group>"; };
		43222D0E20D67D2600B3DB50 /* SetTeamNameViewController.swift */ = {isa = PBXFileReference; lastKnownFileType = sourcecode.swift; path = SetTeamNameViewController.swift; sourceTree = "<group>"; };
		43222D1120D7684E00B3DB50 /* NewTeamViewController.swift */ = {isa = PBXFileReference; lastKnownFileType = sourcecode.swift; path = NewTeamViewController.swift; sourceTree = "<group>"; };
		43222D1320D7B8E400B3DB50 /* SelectGenderViewController.swift */ = {isa = PBXFileReference; lastKnownFileType = sourcecode.swift; path = SelectGenderViewController.swift; sourceTree = "<group>"; };
		43222D1520D7B93300B3DB50 /* SetTeamImageViewController.swift */ = {isa = PBXFileReference; lastKnownFileType = sourcecode.swift; name = SetTeamImageViewController.swift; path = unicon/ViewControllers/CreateTeam/SetTeamImageViewController.swift; sourceTree = SOURCE_ROOT; };
		43222D1720D7B9C700B3DB50 /* SetTeamIntroViewController.swift */ = {isa = PBXFileReference; lastKnownFileType = sourcecode.swift; path = SetTeamIntroViewController.swift; sourceTree = "<group>"; };
		4325E51420D7BBF6001C7289 /* InviteMemberViewController.swift */ = {isa = PBXFileReference; lastKnownFileType = sourcecode.swift; path = InviteMemberViewController.swift; sourceTree = "<group>"; };
		4325E51620D7CC36001C7289 /* IQKeyboardManagerSwift.framework */ = {isa = PBXFileReference; explicitFileType = wrapper.framework; path = IQKeyboardManagerSwift.framework; sourceTree = BUILT_PRODUCTS_DIR; };
		4328832020F2FEFB009DE24D /* Chat.storyboard */ = {isa = PBXFileReference; lastKnownFileType = file.storyboard; path = Chat.storyboard; sourceTree = "<group>"; };
		432FA1D420D8F24A0058A744 /* TeamService.swift */ = {isa = PBXFileReference; lastKnownFileType = sourcecode.swift; path = TeamService.swift; sourceTree = "<group>"; };
		432FA1D720D8F43D0058A744 /* StorageService.swift */ = {isa = PBXFileReference; lastKnownFileType = sourcecode.swift; path = StorageService.swift; sourceTree = "<group>"; };
		432FA1D920D8F4B20058A744 /* StorageReference+Image.swift */ = {isa = PBXFileReference; lastKnownFileType = sourcecode.swift; path = "StorageReference+Image.swift"; sourceTree = "<group>"; };
		433863F620E1D932007F3D37 /* FSPagerView.framework */ = {isa = PBXFileReference; explicitFileType = wrapper.framework; path = FSPagerView.framework; sourceTree = BUILT_PRODUCTS_DIR; };
		4338826C20E7440A0057B55E /* ALCameraViewController.framework */ = {isa = PBXFileReference; explicitFileType = wrapper.framework; path = ALCameraViewController.framework; sourceTree = BUILT_PRODUCTS_DIR; };
		4338826E20E754AC0057B55E /* ImagePicker.storyboard */ = {isa = PBXFileReference; lastKnownFileType = file.storyboard; path = ImagePicker.storyboard; sourceTree = "<group>"; };
		4338827020E755570057B55E /* CamerarollViewController.swift */ = {isa = PBXFileReference; lastKnownFileType = sourcecode.swift; path = CamerarollViewController.swift; sourceTree = "<group>"; };
		4338827520E756F60057B55E /* CameraRollCollectionViewCell.swift */ = {isa = PBXFileReference; lastKnownFileType = sourcecode.swift; path = CameraRollCollectionViewCell.swift; sourceTree = "<group>"; };
		4338827620E756F60057B55E /* CameraRollCollectionViewCell.xib */ = {isa = PBXFileReference; lastKnownFileType = file.xib; path = CameraRollCollectionViewCell.xib; sourceTree = "<group>"; };
		4338827920E7777E0057B55E /* CropImageViewController.swift */ = {isa = PBXFileReference; lastKnownFileType = sourcecode.swift; path = CropImageViewController.swift; sourceTree = "<group>"; };
		434BE14920E1CB620015A828 /* Profile.storyboard */ = {isa = PBXFileReference; lastKnownFileType = file.storyboard; path = Profile.storyboard; sourceTree = "<group>"; };
		435727D620E47C9700720C41 /* MyProfileViewController.swift */ = {isa = PBXFileReference; lastKnownFileType = sourcecode.swift; path = MyProfileViewController.swift; sourceTree = "<group>"; };
		435727D820E48A4900720C41 /* BubbleTransition.framework */ = {isa = PBXFileReference; explicitFileType = wrapper.framework; path = BubbleTransition.framework; sourceTree = BUILT_PRODUCTS_DIR; };
		4360356620DB41D80092361A /* User.swift */ = {isa = PBXFileReference; lastKnownFileType = sourcecode.swift; path = User.swift; sourceTree = "<group>"; };
		4360356D20DB78AD0092361A /* UserService.swift */ = {isa = PBXFileReference; lastKnownFileType = sourcecode.swift; path = UserService.swift; sourceTree = "<group>"; };
		4360356F20DB8D700092361A /* Team.swift */ = {isa = PBXFileReference; lastKnownFileType = sourcecode.swift; path = Team.swift; sourceTree = "<group>"; };
		4360357120DC9B600092361A /* JoinTeam.storyboard */ = {isa = PBXFileReference; lastKnownFileType = file.storyboard; path = JoinTeam.storyboard; sourceTree = "<group>"; };
		4360357320DC9C950092361A /* JoinTeamViewController.swift */ = {isa = PBXFileReference; lastKnownFileType = sourcecode.swift; path = JoinTeamViewController.swift; sourceTree = "<group>"; };
		4360357620DCC8A80092361A /* SingleTeamViewController.swift */ = {isa = PBXFileReference; lastKnownFileType = sourcecode.swift; path = SingleTeamViewController.swift; sourceTree = "<group>"; };
		436739DD20D6137900ABDD32 /* FBSDKCoreKit.framework */ = {isa = PBXFileReference; explicitFileType = wrapper.framework; path = FBSDKCoreKit.framework; sourceTree = BUILT_PRODUCTS_DIR; };
		436739DF20D6137900ABDD32 /* FBSDKLoginKit.framework */ = {isa = PBXFileReference; explicitFileType = wrapper.framework; path = FBSDKLoginKit.framework; sourceTree = BUILT_PRODUCTS_DIR; };
		436739E120D6137900ABDD32 /* FirebaseCore.framework */ = {isa = PBXFileReference; explicitFileType = wrapper.framework; path = FirebaseCore.framework; sourceTree = BUILT_PRODUCTS_DIR; };
		436C5D5A20DCE6B10002B3AA /* UIExtention.swift */ = {isa = PBXFileReference; lastKnownFileType = sourcecode.swift; path = UIExtention.swift; sourceTree = "<group>"; };
		438045F120E1F20F00FF6BF4 /* UPCarouselFlowLayout.framework */ = {isa = PBXFileReference; explicitFileType = wrapper.framework; path = UPCarouselFlowLayout.framework; sourceTree = BUILT_PRODUCTS_DIR; };
		438045F520E1FCA200FF6BF4 /* TeamCollectionViewCell.swift */ = {isa = PBXFileReference; lastKnownFileType = sourcecode.swift; path = TeamCollectionViewCell.swift; sourceTree = "<group>"; };
		438045F620E1FCA200FF6BF4 /* TeamCollectionViewCell.xib */ = {isa = PBXFileReference; lastKnownFileType = file.xib; path = TeamCollectionViewCell.xib; sourceTree = "<group>"; };
		439A164220F340330028490A /* SingleChatViewController.swift */ = {isa = PBXFileReference; lastKnownFileType = sourcecode.swift; path = SingleChatViewController.swift; sourceTree = "<group>"; };
		439A164620F340B00028490A /* MessageKit.framework */ = {isa = PBXFileReference; explicitFileType = wrapper.framework; path = MessageKit.framework; sourceTree = BUILT_PRODUCTS_DIR; };
		439A164B20F344E80028490A /* MockMessage.swift */ = {isa = PBXFileReference; lastKnownFileType = sourcecode.swift; path = MockMessage.swift; sourceTree = "<group>"; };
		43A5D3FB20D4EF69004612D4 /* unicon.app */ = {isa = PBXFileReference; explicitFileType = wrapper.application; includeInIndex = 0; path = unicon.app; sourceTree = BUILT_PRODUCTS_DIR; };
		43A5D3FE20D4EF69004612D4 /* AppDelegate.swift */ = {isa = PBXFileReference; lastKnownFileType = sourcecode.swift; path = AppDelegate.swift; sourceTree = "<group>"; };
		43A5D40520D4EF6B004612D4 /* Assets.xcassets */ = {isa = PBXFileReference; lastKnownFileType = folder.assetcatalog; path = Assets.xcassets; sourceTree = "<group>"; };
		43A5D40820D4EF6B004612D4 /* Base */ = {isa = PBXFileReference; lastKnownFileType = file.storyboard; name = Base; path = Base.lproj/LaunchScreen.storyboard; sourceTree = "<group>"; };
		43A5D40F20D4EF6B004612D4 /* uniconTests.xctest */ = {isa = PBXFileReference; explicitFileType = wrapper.cfbundle; includeInIndex = 0; path = uniconTests.xctest; sourceTree = BUILT_PRODUCTS_DIR; };
		43A5D41320D4EF6B004612D4 /* uniconTests.swift */ = {isa = PBXFileReference; lastKnownFileType = sourcecode.swift; path = uniconTests.swift; sourceTree = "<group>"; };
		43A5D41520D4EF6B004612D4 /* Info.plist */ = {isa = PBXFileReference; lastKnownFileType = text.plist.xml; path = Info.plist; sourceTree = "<group>"; };
		43A5D41A20D4EF6B004612D4 /* uniconUITests.xctest */ = {isa = PBXFileReference; explicitFileType = wrapper.cfbundle; includeInIndex = 0; path = uniconUITests.xctest; sourceTree = BUILT_PRODUCTS_DIR; };
		43A5D41E20D4EF6B004612D4 /* uniconUITests.swift */ = {isa = PBXFileReference; lastKnownFileType = sourcecode.swift; path = uniconUITests.swift; sourceTree = "<group>"; };
		43A5D42020D4EF6B004612D4 /* Info.plist */ = {isa = PBXFileReference; lastKnownFileType = text.plist.xml; path = Info.plist; sourceTree = "<group>"; };
		43C6C70120EF4DBA0053FCD2 /* EditTeamProfileViewController.swift */ = {isa = PBXFileReference; lastKnownFileType = sourcecode.swift; path = EditTeamProfileViewController.swift; sourceTree = "<group>"; };
		43C6C70420EF5B9D0053FCD2 /* CardViewHelper.swift */ = {isa = PBXFileReference; fileEncoding = 4; lastKnownFileType = sourcecode.swift; path = CardViewHelper.swift; sourceTree = "<group>"; };
		43C6C70520EF5B9D0053FCD2 /* UserHelper.swift */ = {isa = PBXFileReference; fileEncoding = 4; lastKnownFileType = sourcecode.swift; path = UserHelper.swift; sourceTree = "<group>"; };
		43C6C70620EF5B9D0053FCD2 /* UCPaginationHelper.swift */ = {isa = PBXFileReference; fileEncoding = 4; lastKnownFileType = sourcecode.swift; path = UCPaginationHelper.swift; sourceTree = "<group>"; };
		43C6C70B20EF5C4A0053FCD2 /* Constants.swift */ = {isa = PBXFileReference; fileEncoding = 4; lastKnownFileType = sourcecode.swift; path = Constants.swift; sourceTree = "<group>"; };
		43C6C70C20EF5C4A0053FCD2 /* GoogleService-Info.plist */ = {isa = PBXFileReference; fileEncoding = 4; lastKnownFileType = text.plist.xml; path = "GoogleService-Info.plist"; sourceTree = "<group>"; };
		43C6C70D20EF5C4A0053FCD2 /* Info.plist */ = {isa = PBXFileReference; fileEncoding = 4; lastKnownFileType = text.plist.xml; path = Info.plist; sourceTree = "<group>"; };
		43C6C70E20EF5C4A0053FCD2 /* memo.txt */ = {isa = PBXFileReference; fileEncoding = 4; lastKnownFileType = text; path = memo.txt; sourceTree = "<group>"; };
		43C6C71320EF5E830053FCD2 /* MemberTableViewCell.swift */ = {isa = PBXFileReference; lastKnownFileType = sourcecode.swift; path = MemberTableViewCell.swift; sourceTree = "<group>"; };
		43C6C71420EF5E830053FCD2 /* MemberTableViewCell.xib */ = {isa = PBXFileReference; lastKnownFileType = file.xib; path = MemberTableViewCell.xib; sourceTree = "<group>"; };
		43C6C71720EF86350053FCD2 /* SelectGenderModalViewController.swift */ = {isa = PBXFileReference; lastKnownFileType = sourcecode.swift; path = SelectGenderModalViewController.swift; sourceTree = "<group>"; };
		43E3552620F33B1C00722369 /* ChatListTableViewCell.swift */ = {isa = PBXFileReference; lastKnownFileType = sourcecode.swift; path = ChatListTableViewCell.swift; sourceTree = "<group>"; };
		43E3552720F33B1C00722369 /* ChatListTableViewCell.xib */ = {isa = PBXFileReference; lastKnownFileType = file.xib; path = ChatListTableViewCell.xib; sourceTree = "<group>"; };
		43E5C02820E7BEB900948D1A /* CropViewController.framework */ = {isa = PBXFileReference; explicitFileType = wrapper.framework; path = CropViewController.framework; sourceTree = BUILT_PRODUCTS_DIR; };
		43E5C02A20E885B300948D1A /* TeamListTableViewCell.swift */ = {isa = PBXFileReference; lastKnownFileType = sourcecode.swift; path = TeamListTableViewCell.swift; sourceTree = "<group>"; };
		43E5C02B20E885B300948D1A /* TeamListTableViewCell.xib */ = {isa = PBXFileReference; lastKnownFileType = file.xib; path = TeamListTableViewCell.xib; sourceTree = "<group>"; };
		43E5C02E20E887E800948D1A /* SelectTeamViewController.swift */ = {isa = PBXFileReference; lastKnownFileType = sourcecode.swift; path = SelectTeamViewController.swift; sourceTree = "<group>"; };
		43E5C03020ECB34200948D1A /* EditMyProfileViewController.swift */ = {isa = PBXFileReference; lastKnownFileType = sourcecode.swift; path = EditMyProfileViewController.swift; sourceTree = "<group>"; };
		43E5C03220EDB28000948D1A /* UPCarouselFlowLayout.framework */ = {isa = PBXFileReference; explicitFileType = wrapper.framework; path = UPCarouselFlowLayout.framework; sourceTree = BUILT_PRODUCTS_DIR; };
		4C6DCD3199F2051B3F94E199 /* Pods-uniconUITests.debug.xcconfig */ = {isa = PBXFileReference; includeInIndex = 1; lastKnownFileType = text.xcconfig; name = "Pods-uniconUITests.debug.xcconfig"; path = "Pods/Target Support Files/Pods-uniconUITests/Pods-uniconUITests.debug.xcconfig"; sourceTree = "<group>"; };
		4D7D381A8C0C5B8CA065E2B6 /* Pods_uniconUITests.framework */ = {isa = PBXFileReference; explicitFileType = wrapper.framework; includeInIndex = 0; path = Pods_uniconUITests.framework; sourceTree = BUILT_PRODUCTS_DIR; };
		624430D82291BC6D38F40ACB /* Pods_uniconTests.framework */ = {isa = PBXFileReference; explicitFileType = wrapper.framework; includeInIndex = 0; path = Pods_uniconTests.framework; sourceTree = BUILT_PRODUCTS_DIR; };
		6949FB9FFDF775F950A0707B /* Pods-unicon.debug.xcconfig */ = {isa = PBXFileReference; includeInIndex = 1; lastKnownFileType = text.xcconfig; name = "Pods-unicon.debug.xcconfig"; path = "Pods/Target Support Files/Pods-unicon/Pods-unicon.debug.xcconfig"; sourceTree = "<group>"; };
		B43F3BA6ACA5D7E8B38D8DEE /* Pods-uniconTests.release.xcconfig */ = {isa = PBXFileReference; includeInIndex = 1; lastKnownFileType = text.xcconfig; name = "Pods-uniconTests.release.xcconfig"; path = "Pods/Target Support Files/Pods-uniconTests/Pods-uniconTests.release.xcconfig"; sourceTree = "<group>"; };
		E98F52CEA057CD89832CD7C1 /* Pods-unicon.release.xcconfig */ = {isa = PBXFileReference; includeInIndex = 1; lastKnownFileType = text.xcconfig; name = "Pods-unicon.release.xcconfig"; path = "Pods/Target Support Files/Pods-unicon/Pods-unicon.release.xcconfig"; sourceTree = "<group>"; };
/* End PBXFileReference section */

/* Begin PBXFrameworksBuildPhase section */
		20522EF520F1E8F20072CF1D /* Frameworks */ = {
			isa = PBXFrameworksBuildPhase;
			buildActionMask = 2147483647;
			files = (
				20522EF620F1E8F20072CF1D /* CropViewController.framework in Frameworks */,
				20522EF720F1E8F20072CF1D /* BubbleTransition.framework in Frameworks */,
				20522EF820F1E8F20072CF1D /* IQKeyboardManagerSwift.framework in Frameworks */,
				20522EF920F1E8F20072CF1D /* Alamofire.framework in Frameworks */,
				20522EFA20F1E8F20072CF1D /* AlamofireImage.framework in Frameworks */,
				20522EFB20F1E8F20072CF1D /* FacebookCore.framework in Frameworks */,
				20522EFC20F1E8F20072CF1D /* FacebookLogin.framework in Frameworks */,
				20522EFD20F1E8F20072CF1D /* FacebookShare.framework in Frameworks */,
				20522EFE20F1E8F20072CF1D /* FBSDKCoreKit.framework in Frameworks */,
				20522EFF20F1E8F20072CF1D /* FBSDKLoginKit.framework in Frameworks */,
				20522F0020F1E8F20072CF1D /* FirebaseCore.framework in Frameworks */,
			);
			runOnlyForDeploymentPostprocessing = 0;
		};
		43A5D3F820D4EF68004612D4 /* Frameworks */ = {
			isa = PBXFrameworksBuildPhase;
			buildActionMask = 2147483647;
			files = (
				439A164720F340B00028490A /* MessageKit.framework in Frameworks */,
				43E5C02920E7BEB900948D1A /* CropViewController.framework in Frameworks */,
				435727D920E48A4900720C41 /* BubbleTransition.framework in Frameworks */,
				4325E51720D7CC36001C7289 /* IQKeyboardManagerSwift.framework in Frameworks */,
				43222D0320D64F4400B3DB50 /* Alamofire.framework in Frameworks */,
				43222D0520D64F4400B3DB50 /* AlamofireImage.framework in Frameworks */,
				43222CEF20D6207600B3DB50 /* FacebookCore.framework in Frameworks */,
				43222CF120D6207600B3DB50 /* FacebookLogin.framework in Frameworks */,
				43222CF320D6207600B3DB50 /* FacebookShare.framework in Frameworks */,
				436739DE20D6137900ABDD32 /* FBSDKCoreKit.framework in Frameworks */,
				436739E020D6137900ABDD32 /* FBSDKLoginKit.framework in Frameworks */,
				436739E220D6137900ABDD32 /* FirebaseCore.framework in Frameworks */,
				1A9D85CF537E510B5969CE22 /* Pods_unicon.framework in Frameworks */,
				75B634D3422B6156D445F3B1 /* Pods_unicon.framework in Frameworks */,
			);
			runOnlyForDeploymentPostprocessing = 0;
		};
		43A5D40C20D4EF6B004612D4 /* Frameworks */ = {
			isa = PBXFrameworksBuildPhase;
			buildActionMask = 2147483647;
			files = (
				8B224869A6AF6C464EB2EAA0 /* Pods_uniconTests.framework in Frameworks */,
			);
			runOnlyForDeploymentPostprocessing = 0;
		};
		43A5D41720D4EF6B004612D4 /* Frameworks */ = {
			isa = PBXFrameworksBuildPhase;
			buildActionMask = 2147483647;
			files = (
				17039679FCBD540BE19E0BBA /* Pods_uniconUITests.framework in Frameworks */,
			);
			runOnlyForDeploymentPostprocessing = 0;
		};
/* End PBXFrameworksBuildPhase section */

/* Begin PBXGroup section */
		202F29EB20DF5399001C8210 /* Home */ = {
			isa = PBXGroup;
			children = (
				2037633420D8F8D200A86A75 /* MatchingViewController.swift */,
			);
			path = Home;
			sourceTree = "<group>";
		};
		202F29EE20DF7DA5001C8210 /* Views */ = {
			isa = PBXGroup;
			children = (
				202F29F620DF7F9A001C8210 /* CardView.swift */,
			);
			path = Views;
			sourceTree = "<group>";
		};
		202F29F520DF7F54001C8210 /* CustomViews */ = {
			isa = PBXGroup;
			children = (
				202F29F820DF82E7001C8210 /* CardView.xib */,
			);
			path = CustomViews;
			sourceTree = "<group>";
		};
		20522F1920F1E92F0072CF1D /* unicon */ = {
			isa = PBXGroup;
			children = (
				43C6C70D20EF5C4A0053FCD2 /* Info.plist */,
				43C6C70C20EF5C4A0053FCD2 /* GoogleService-Info.plist */,
			);
			path = unicon;
			sourceTree = "<group>";
		};
		20522F1A20F1E9450072CF1D /* unicon-dev */ = {
			isa = PBXGroup;
			children = (
				20522F1820F1E8F40072CF1D /* unicon-dev-Info.plist */,
				20522F1C20F1E98D0072CF1D /* GoogleService-Info.plist */,
			);
			path = "unicon-dev";
			sourceTree = "<group>";
		};
		37863B0E1E63370845261E2C /* Pods */ = {
			isa = PBXGroup;
			children = (
				0BC9CBD621C5F9265C50ECA4 /* Pods-uniconTests.debug.xcconfig */,
				B43F3BA6ACA5D7E8B38D8DEE /* Pods-uniconTests.release.xcconfig */,
				4C6DCD3199F2051B3F94E199 /* Pods-uniconUITests.debug.xcconfig */,
				3E52A37223596E89EEAB8C73 /* Pods-uniconUITests.release.xcconfig */,
				6949FB9FFDF775F950A0707B /* Pods-unicon.debug.xcconfig */,
				E98F52CEA057CD89832CD7C1 /* Pods-unicon.release.xcconfig */,
			);
			name = Pods;
			sourceTree = "<group>";
		};
		43222CF420D622D900B3DB50 /* Storyboards */ = {
			isa = PBXGroup;
			children = (
				43A5D40720D4EF6B004612D4 /* LaunchScreen.storyboard */,
				43222CF520D622FA00B3DB50 /* Onboard.storyboard */,
				43222CFB20D625AF00B3DB50 /* Main.storyboard */,
				43222D0C20D67C7800B3DB50 /* CreateTeam.storyboard */,
				4360357120DC9B600092361A /* JoinTeam.storyboard */,
				434BE14920E1CB620015A828 /* Profile.storyboard */,
				4338826E20E754AC0057B55E /* ImagePicker.storyboard */,
				4328832020F2FEFB009DE24D /* Chat.storyboard */,
			);
			path = Storyboards;
			sourceTree = "<group>";
		};
		43222CF920D6243E00B3DB50 /* ViewControllers */ = {
			isa = PBXGroup;
			children = (
				438045F420E1F3EF00FF6BF4 /* Profile */,
				202F29EB20DF5399001C8210 /* Home */,
				43222CFA20D6245400B3DB50 /* OnBoard */,
				43222D1020D7683400B3DB50 /* CreateTeam */,
				4360357520DC9C9A0092361A /* JoinTeam */,
				4338827220E755600057B55E /* ImagePicker */,
				439A164520F3403F0028490A /* Chat */,
			);
			path = ViewControllers;
			sourceTree = "<group>";
		};
		43222CFA20D6245400B3DB50 /* OnBoard */ = {
			isa = PBXGroup;
			children = (
				43222CF720D623EA00B3DB50 /* LoginViewController.swift */,
				43222D0820D6555A00B3DB50 /* CreateOrJoinViewController.swift */,
			);
			path = OnBoard;
			sourceTree = "<group>";
		};
		43222D0120D6270B00B3DB50 /* Extentions */ = {
			isa = PBXGroup;
			children = (
				43222CFF20D6270300B3DB50 /* Storyboard+Utility.siwft.swift */,
				43222D0620D6518900B3DB50 /* UserExtention.swift */,
				432FA1D920D8F4B20058A744 /* StorageReference+Image.swift */,
				436C5D5A20DCE6B10002B3AA /* UIExtention.swift */,
			);
			path = Extentions;
			sourceTree = "<group>";
		};
		43222D1020D7683400B3DB50 /* CreateTeam */ = {
			isa = PBXGroup;
			children = (
				43222D0E20D67D2600B3DB50 /* SetTeamNameViewController.swift */,
				43222D1120D7684E00B3DB50 /* NewTeamViewController.swift */,
				43222D1520D7B93300B3DB50 /* SetTeamImageViewController.swift */,
				43222D1320D7B8E400B3DB50 /* SelectGenderViewController.swift */,
				43222D1720D7B9C700B3DB50 /* SetTeamIntroViewController.swift */,
				4325E51420D7BBF6001C7289 /* InviteMemberViewController.swift */,
			);
			path = CreateTeam;
			sourceTree = "<group>";
		};
		432FA1D620D8F2580058A744 /* Services */ = {
			isa = PBXGroup;
			children = (
				432FA1D420D8F24A0058A744 /* TeamService.swift */,
				432FA1D720D8F43D0058A744 /* StorageService.swift */,
				4360356D20DB78AD0092361A /* UserService.swift */,
			);
			path = Services;
			sourceTree = "<group>";
		};
		4338827220E755600057B55E /* ImagePicker */ = {
			isa = PBXGroup;
			children = (
				4338827020E755570057B55E /* CamerarollViewController.swift */,
				4338827920E7777E0057B55E /* CropImageViewController.swift */,
			);
			path = ImagePicker;
			sourceTree = "<group>";
		};
		4360356820DB41DE0092361A /* Models */ = {
			isa = PBXGroup;
			children = (
				4360356620DB41D80092361A /* User.swift */,
				4360356F20DB8D700092361A /* Team.swift */,
				439A164B20F344E80028490A /* MockMessage.swift */,
			);
			path = Models;
			sourceTree = "<group>";
		};
		4360357520DC9C9A0092361A /* JoinTeam */ = {
			isa = PBXGroup;
			children = (
				4360357320DC9C950092361A /* JoinTeamViewController.swift */,
				4360357620DCC8A80092361A /* SingleTeamViewController.swift */,
			);
			path = JoinTeam;
			sourceTree = "<group>";
		};
		438045F420E1F3EF00FF6BF4 /* Profile */ = {
			isa = PBXGroup;
			children = (
				43222CFD20D625D500B3DB50 /* ProfileViewController.swift */,
				435727D620E47C9700720C41 /* MyProfileViewController.swift */,
				43E5C02E20E887E800948D1A /* SelectTeamViewController.swift */,
				43E5C03020ECB34200948D1A /* EditMyProfileViewController.swift */,
				43C6C70120EF4DBA0053FCD2 /* EditTeamProfileViewController.swift */,
				43C6C71720EF86350053FCD2 /* SelectGenderModalViewController.swift */,
			);
			path = Profile;
			sourceTree = "<group>";
		};
		438045F920E1FCB200FF6BF4 /* CellControllers */ = {
			isa = PBXGroup;
			children = (
				43E3552620F33B1C00722369 /* ChatListTableViewCell.swift */,
				43C6C71320EF5E830053FCD2 /* MemberTableViewCell.swift */,
				43E5C02A20E885B300948D1A /* TeamListTableViewCell.swift */,
				438045F520E1FCA200FF6BF4 /* TeamCollectionViewCell.swift */,
				4338827520E756F60057B55E /* CameraRollCollectionViewCell.swift */,
			);
			path = CellControllers;
			sourceTree = "<group>";
		};
		438045FA20E1FCC600FF6BF4 /* CellXibs */ = {
			isa = PBXGroup;
			children = (
				4338827620E756F60057B55E /* CameraRollCollectionViewCell.xib */,
				438045F620E1FCA200FF6BF4 /* TeamCollectionViewCell.xib */,
				43E5C02B20E885B300948D1A /* TeamListTableViewCell.xib */,
				43C6C71420EF5E830053FCD2 /* MemberTableViewCell.xib */,
				43E3552720F33B1C00722369 /* ChatListTableViewCell.xib */,
			);
			path = CellXibs;
			sourceTree = "<group>";
		};
		439A164520F3403F0028490A /* Chat */ = {
			isa = PBXGroup;
			children = (
				202F29FA20DF8522001C8210 /* ChatViewController.swift */,
				439A164220F340330028490A /* SingleChatViewController.swift */,
			);
			path = Chat;
			sourceTree = "<group>";
		};
		43A5D3F220D4EF68004612D4 = {
			isa = PBXGroup;
			children = (
				43A5D3FD20D4EF69004612D4 /* unicon */,
				43A5D41220D4EF6B004612D4 /* uniconTests */,
				43A5D41D20D4EF6B004612D4 /* uniconUITests */,
				43A5D3FC20D4EF69004612D4 /* Products */,
				37863B0E1E63370845261E2C /* Pods */,
				9A576D1701394A596FFF52B4 /* Frameworks */,
			);
			sourceTree = "<group>";
		};
		43A5D3FC20D4EF69004612D4 /* Products */ = {
			isa = PBXGroup;
			children = (
				43A5D3FB20D4EF69004612D4 /* unicon.app */,
				43A5D40F20D4EF6B004612D4 /* uniconTests.xctest */,
				43A5D41A20D4EF6B004612D4 /* uniconUITests.xctest */,
				20522F1720F1E8F20072CF1D /* unicon-dev.app */,
			);
			name = Products;
			sourceTree = "<group>";
		};
		43A5D3FD20D4EF69004612D4 /* unicon */ = {
			isa = PBXGroup;
			children = (
				43A5D3FE20D4EF69004612D4 /* AppDelegate.swift */,
				43222CF920D6243E00B3DB50 /* ViewControllers */,
				438045F920E1FCB200FF6BF4 /* CellControllers */,
				202F29EE20DF7DA5001C8210 /* Views */,
				4360356820DB41DE0092361A /* Models */,
				432FA1D620D8F2580058A744 /* Services */,
				43222CF420D622D900B3DB50 /* Storyboards */,
				438045FA20E1FCC600FF6BF4 /* CellXibs */,
				202F29F520DF7F54001C8210 /* CustomViews */,
				43C6C70320EF5B330053FCD2 /* Helpers */,
				43222D0120D6270B00B3DB50 /* Extentions */,
				43C6C70A20EF5BB30053FCD2 /* Supporting Files */,
				43A5D40520D4EF6B004612D4 /* Assets.xcassets */,
			);
			path = unicon;
			sourceTree = "<group>";
		};
		43A5D41220D4EF6B004612D4 /* uniconTests */ = {
			isa = PBXGroup;
			children = (
				43A5D41320D4EF6B004612D4 /* uniconTests.swift */,
				43A5D41520D4EF6B004612D4 /* Info.plist */,
			);
			path = uniconTests;
			sourceTree = "<group>";
		};
		43A5D41D20D4EF6B004612D4 /* uniconUITests */ = {
			isa = PBXGroup;
			children = (
				43A5D41E20D4EF6B004612D4 /* uniconUITests.swift */,
				43A5D42020D4EF6B004612D4 /* Info.plist */,
			);
			path = uniconUITests;
			sourceTree = "<group>";
		};
		43C6C70320EF5B330053FCD2 /* Helpers */ = {
			isa = PBXGroup;
			children = (
				43C6C70420EF5B9D0053FCD2 /* CardViewHelper.swift */,
				43C6C70620EF5B9D0053FCD2 /* UCPaginationHelper.swift */,
				43C6C70520EF5B9D0053FCD2 /* UserHelper.swift */,
			);
			path = Helpers;
			sourceTree = "<group>";
		};
		43C6C70A20EF5BB30053FCD2 /* Supporting Files */ = {
			isa = PBXGroup;
			children = (
				20522F1920F1E92F0072CF1D /* unicon */,
				20522F1A20F1E9450072CF1D /* unicon-dev */,
				43C6C70B20EF5C4A0053FCD2 /* Constants.swift */,
				43C6C70E20EF5C4A0053FCD2 /* memo.txt */,
			);
			path = "Supporting Files";
			sourceTree = "<group>";
		};
		9A576D1701394A596FFF52B4 /* Frameworks */ = {
			isa = PBXGroup;
			children = (
				439A164620F340B00028490A /* MessageKit.framework */,
				43E5C03220EDB28000948D1A /* UPCarouselFlowLayout.framework */,
				43E5C02820E7BEB900948D1A /* CropViewController.framework */,
				4338826C20E7440A0057B55E /* ALCameraViewController.framework */,
				435727D820E48A4900720C41 /* BubbleTransition.framework */,
				438045F120E1F20F00FF6BF4 /* UPCarouselFlowLayout.framework */,
				433863F620E1D932007F3D37 /* FSPagerView.framework */,
				4325E51620D7CC36001C7289 /* IQKeyboardManagerSwift.framework */,
				43222D0220D64F4400B3DB50 /* Alamofire.framework */,
				43222D0420D64F4400B3DB50 /* AlamofireImage.framework */,
				43222CEE20D6207600B3DB50 /* FacebookCore.framework */,
				43222CF020D6207600B3DB50 /* FacebookLogin.framework */,
				43222CF220D6207600B3DB50 /* FacebookShare.framework */,
				436739DD20D6137900ABDD32 /* FBSDKCoreKit.framework */,
				436739DF20D6137900ABDD32 /* FBSDKLoginKit.framework */,
				436739E120D6137900ABDD32 /* FirebaseCore.framework */,
				13D5178DA3733E4B0CC2E104 /* Pods_unicon.framework */,
				624430D82291BC6D38F40ACB /* Pods_uniconTests.framework */,
				4D7D381A8C0C5B8CA065E2B6 /* Pods_uniconUITests.framework */,
			);
			name = Frameworks;
			sourceTree = "<group>";
		};
/* End PBXGroup section */

/* Begin PBXNativeTarget section */
		20522ECB20F1E8F20072CF1D /* unicon-dev */ = {
			isa = PBXNativeTarget;
			buildConfigurationList = 20522F1420F1E8F20072CF1D /* Build configuration list for PBXNativeTarget "unicon-dev" */;
			buildPhases = (
				20522ECD20F1E8F20072CF1D /* Sources */,
				20522EF520F1E8F20072CF1D /* Frameworks */,
				20522F0220F1E8F20072CF1D /* Resources */,
			);
			buildRules = (
			);
			dependencies = (
			);
			name = "unicon-dev";
			productName = unicon;
			productReference = 20522F1720F1E8F20072CF1D /* unicon-dev.app */;
			productType = "com.apple.product-type.application";
		};
		43A5D3FA20D4EF68004612D4 /* unicon */ = {
			isa = PBXNativeTarget;
			buildConfigurationList = 43A5D42320D4EF6B004612D4 /* Build configuration list for PBXNativeTarget "unicon" */;
			buildPhases = (
				9AE88461164AE1BFBCAC5A28 /* [CP] Check Pods Manifest.lock */,
				43A5D3F720D4EF68004612D4 /* Sources */,
				43A5D3F820D4EF68004612D4 /* Frameworks */,
				43A5D3F920D4EF68004612D4 /* Resources */,
				D468EA37D76E214E8F510A3B /* [CP] Embed Pods Frameworks */,
			);
			buildRules = (
			);
			dependencies = (
			);
			name = unicon;
			productName = unicon;
			productReference = 43A5D3FB20D4EF69004612D4 /* unicon.app */;
			productType = "com.apple.product-type.application";
		};
		43A5D40E20D4EF6B004612D4 /* uniconTests */ = {
			isa = PBXNativeTarget;
			buildConfigurationList = 43A5D42620D4EF6B004612D4 /* Build configuration list for PBXNativeTarget "uniconTests" */;
			buildPhases = (
				4BB81DC2281CCD3146B2144F /* [CP] Check Pods Manifest.lock */,
				43A5D40B20D4EF6B004612D4 /* Sources */,
				43A5D40C20D4EF6B004612D4 /* Frameworks */,
				43A5D40D20D4EF6B004612D4 /* Resources */,
			);
			buildRules = (
			);
			dependencies = (
				43A5D41120D4EF6B004612D4 /* PBXTargetDependency */,
			);
			name = uniconTests;
			productName = uniconTests;
			productReference = 43A5D40F20D4EF6B004612D4 /* uniconTests.xctest */;
			productType = "com.apple.product-type.bundle.unit-test";
		};
		43A5D41920D4EF6B004612D4 /* uniconUITests */ = {
			isa = PBXNativeTarget;
			buildConfigurationList = 43A5D42920D4EF6B004612D4 /* Build configuration list for PBXNativeTarget "uniconUITests" */;
			buildPhases = (
				B3F3A1C3E63861BCE3A1D5D7 /* [CP] Check Pods Manifest.lock */,
				43A5D41620D4EF6B004612D4 /* Sources */,
				43A5D41720D4EF6B004612D4 /* Frameworks */,
				43A5D41820D4EF6B004612D4 /* Resources */,
			);
			buildRules = (
			);
			dependencies = (
				43A5D41C20D4EF6B004612D4 /* PBXTargetDependency */,
			);
			name = uniconUITests;
			productName = uniconUITests;
			productReference = 43A5D41A20D4EF6B004612D4 /* uniconUITests.xctest */;
			productType = "com.apple.product-type.bundle.ui-testing";
		};
/* End PBXNativeTarget section */

/* Begin PBXProject section */
		43A5D3F320D4EF68004612D4 /* Project object */ = {
			isa = PBXProject;
			attributes = {
				LastSwiftUpdateCheck = 0940;
				LastUpgradeCheck = 0940;
				ORGANIZATIONNAME = "Imajin Kawabe";
				TargetAttributes = {
					43A5D3FA20D4EF68004612D4 = {
						CreatedOnToolsVersion = 9.4;
					};
					43A5D40E20D4EF6B004612D4 = {
						CreatedOnToolsVersion = 9.4;
						TestTargetID = 43A5D3FA20D4EF68004612D4;
					};
					43A5D41920D4EF6B004612D4 = {
						CreatedOnToolsVersion = 9.4;
						TestTargetID = 43A5D3FA20D4EF68004612D4;
					};
				};
			};
			buildConfigurationList = 43A5D3F620D4EF68004612D4 /* Build configuration list for PBXProject "unicon" */;
			compatibilityVersion = "Xcode 9.3";
			developmentRegion = en;
			hasScannedForEncodings = 0;
			knownRegions = (
				en,
				Base,
			);
			mainGroup = 43A5D3F220D4EF68004612D4;
			productRefGroup = 43A5D3FC20D4EF69004612D4 /* Products */;
			projectDirPath = "";
			projectRoot = "";
			targets = (
				43A5D3FA20D4EF68004612D4 /* unicon */,
				20522ECB20F1E8F20072CF1D /* unicon-dev */,
				43A5D40E20D4EF6B004612D4 /* uniconTests */,
				43A5D41920D4EF6B004612D4 /* uniconUITests */,
			);
		};
/* End PBXProject section */

/* Begin PBXResourcesBuildPhase section */
		20522F0220F1E8F20072CF1D /* Resources */ = {
			isa = PBXResourcesBuildPhase;
			buildActionMask = 2147483647;
			files = (
				439A164E20F350760028490A /* Chat.storyboard in Resources */,
				20522F1B20F1E9730072CF1D /* unicon-dev-Info.plist in Resources */,
				20522F0320F1E8F20072CF1D /* LaunchScreen.storyboard in Resources */,
				20522F0420F1E8F20072CF1D /* Profile.storyboard in Resources */,
				43E3552B20F33B1C00722369 /* ChatListTableViewCell.xib in Resources */,
				20522F0520F1E8F20072CF1D /* JoinTeam.storyboard in Resources */,
				20522F0620F1E8F20072CF1D /* MemberTableViewCell.xib in Resources */,
				20522F0720F1E8F20072CF1D /* CardView.xib in Resources */,
				20522F0820F1E8F20072CF1D /* ImagePicker.storyboard in Resources */,
				20522F0920F1E8F20072CF1D /* CameraRollCollectionViewCell.xib in Resources */,
				20522F0C20F1E8F20072CF1D /* CreateTeam.storyboard in Resources */,
				20522F0D20F1E8F20072CF1D /* Main.storyboard in Resources */,
				20522F0E20F1E8F20072CF1D /* TeamCollectionViewCell.xib in Resources */,
				20522F1D20F1E98D0072CF1D /* GoogleService-Info.plist in Resources */,
				20522F0F20F1E8F20072CF1D /* TeamListTableViewCell.xib in Resources */,
				20522F1020F1E8F20072CF1D /* Onboard.storyboard in Resources */,
				20522F1120F1E8F20072CF1D /* memo.txt in Resources */,
				20522F1220F1E8F20072CF1D /* Assets.xcassets in Resources */,
			);
			runOnlyForDeploymentPostprocessing = 0;
		};
		43A5D3F920D4EF68004612D4 /* Resources */ = {
			isa = PBXResourcesBuildPhase;
			buildActionMask = 2147483647;
			files = (
				43A5D40920D4EF6B004612D4 /* LaunchScreen.storyboard in Resources */,
				434BE14A20E1CB620015A828 /* Profile.storyboard in Resources */,
				4360357220DC9B610092361A /* JoinTeam.storyboard in Resources */,
				43C6C71620EF5E830053FCD2 /* MemberTableViewCell.xib in Resources */,
				202F29F920DF82E7001C8210 /* CardView.xib in Resources */,
				43E3552A20F33B1C00722369 /* ChatListTableViewCell.xib in Resources */,
				4338826F20E754AC0057B55E /* ImagePicker.storyboard in Resources */,
				4328832120F2FEFB009DE24D /* Chat.storyboard in Resources */,
				4338827820E756F60057B55E /* CameraRollCollectionViewCell.xib in Resources */,
				43C6C71020EF5C4A0053FCD2 /* GoogleService-Info.plist in Resources */,
				43C6C71120EF5C4A0053FCD2 /* Info.plist in Resources */,
				43222D0D20D67C7800B3DB50 /* CreateTeam.storyboard in Resources */,
				43222CFC20D625AF00B3DB50 /* Main.storyboard in Resources */,
				438045F820E1FCA200FF6BF4 /* TeamCollectionViewCell.xib in Resources */,
				43E5C02D20E885B300948D1A /* TeamListTableViewCell.xib in Resources */,
				43222CF620D622FA00B3DB50 /* Onboard.storyboard in Resources */,
				43C6C71220EF5C4A0053FCD2 /* memo.txt in Resources */,
				43A5D40620D4EF6B004612D4 /* Assets.xcassets in Resources */,
			);
			runOnlyForDeploymentPostprocessing = 0;
		};
		43A5D40D20D4EF6B004612D4 /* Resources */ = {
			isa = PBXResourcesBuildPhase;
			buildActionMask = 2147483647;
			files = (
			);
			runOnlyForDeploymentPostprocessing = 0;
		};
		43A5D41820D4EF6B004612D4 /* Resources */ = {
			isa = PBXResourcesBuildPhase;
			buildActionMask = 2147483647;
			files = (
			);
			runOnlyForDeploymentPostprocessing = 0;
		};
/* End PBXResourcesBuildPhase section */

/* Begin PBXShellScriptBuildPhase section */
		4BB81DC2281CCD3146B2144F /* [CP] Check Pods Manifest.lock */ = {
			isa = PBXShellScriptBuildPhase;
			buildActionMask = 2147483647;
			files = (
			);
			inputPaths = (
				"${PODS_PODFILE_DIR_PATH}/Podfile.lock",
				"${PODS_ROOT}/Manifest.lock",
			);
			name = "[CP] Check Pods Manifest.lock";
			outputPaths = (
				"$(DERIVED_FILE_DIR)/Pods-uniconTests-checkManifestLockResult.txt",
			);
			runOnlyForDeploymentPostprocessing = 0;
			shellPath = /bin/sh;
			shellScript = "diff \"${PODS_PODFILE_DIR_PATH}/Podfile.lock\" \"${PODS_ROOT}/Manifest.lock\" > /dev/null\nif [ $? != 0 ] ; then\n    # print error to STDERR\n    echo \"error: The sandbox is not in sync with the Podfile.lock. Run 'pod install' or update your CocoaPods installation.\" >&2\n    exit 1\nfi\n# This output is used by Xcode 'outputs' to avoid re-running this script phase.\necho \"SUCCESS\" > \"${SCRIPT_OUTPUT_FILE_0}\"\n";
			showEnvVarsInLog = 0;
		};
		9AE88461164AE1BFBCAC5A28 /* [CP] Check Pods Manifest.lock */ = {
			isa = PBXShellScriptBuildPhase;
			buildActionMask = 2147483647;
			files = (
			);
			inputPaths = (
				"${PODS_PODFILE_DIR_PATH}/Podfile.lock",
				"${PODS_ROOT}/Manifest.lock",
			);
			name = "[CP] Check Pods Manifest.lock";
			outputPaths = (
				"$(DERIVED_FILE_DIR)/Pods-unicon-checkManifestLockResult.txt",
			);
			runOnlyForDeploymentPostprocessing = 0;
			shellPath = /bin/sh;
			shellScript = "diff \"${PODS_PODFILE_DIR_PATH}/Podfile.lock\" \"${PODS_ROOT}/Manifest.lock\" > /dev/null\nif [ $? != 0 ] ; then\n    # print error to STDERR\n    echo \"error: The sandbox is not in sync with the Podfile.lock. Run 'pod install' or update your CocoaPods installation.\" >&2\n    exit 1\nfi\n# This output is used by Xcode 'outputs' to avoid re-running this script phase.\necho \"SUCCESS\" > \"${SCRIPT_OUTPUT_FILE_0}\"\n";
			showEnvVarsInLog = 0;
		};
		B3F3A1C3E63861BCE3A1D5D7 /* [CP] Check Pods Manifest.lock */ = {
			isa = PBXShellScriptBuildPhase;
			buildActionMask = 2147483647;
			files = (
			);
			inputPaths = (
				"${PODS_PODFILE_DIR_PATH}/Podfile.lock",
				"${PODS_ROOT}/Manifest.lock",
			);
			name = "[CP] Check Pods Manifest.lock";
			outputPaths = (
				"$(DERIVED_FILE_DIR)/Pods-uniconUITests-checkManifestLockResult.txt",
			);
			runOnlyForDeploymentPostprocessing = 0;
			shellPath = /bin/sh;
			shellScript = "diff \"${PODS_PODFILE_DIR_PATH}/Podfile.lock\" \"${PODS_ROOT}/Manifest.lock\" > /dev/null\nif [ $? != 0 ] ; then\n    # print error to STDERR\n    echo \"error: The sandbox is not in sync with the Podfile.lock. Run 'pod install' or update your CocoaPods installation.\" >&2\n    exit 1\nfi\n# This output is used by Xcode 'outputs' to avoid re-running this script phase.\necho \"SUCCESS\" > \"${SCRIPT_OUTPUT_FILE_0}\"\n";
			showEnvVarsInLog = 0;
		};
		D468EA37D76E214E8F510A3B /* [CP] Embed Pods Frameworks */ = {
			isa = PBXShellScriptBuildPhase;
			buildActionMask = 2147483647;
			files = (
			);
			inputPaths = (
				"${SRCROOT}/Pods/Target Support Files/Pods-unicon/Pods-unicon-frameworks.sh",
				"${BUILT_PRODUCTS_DIR}/Alamofire/Alamofire.framework",
				"${BUILT_PRODUCTS_DIR}/AlamofireImage/AlamofireImage.framework",
				"${BUILT_PRODUCTS_DIR}/Bolts/Bolts.framework",
				"${BUILT_PRODUCTS_DIR}/BoringSSL/openssl.framework",
				"${BUILT_PRODUCTS_DIR}/BubbleTransition/BubbleTransition.framework",
				"${BUILT_PRODUCTS_DIR}/CropViewController/CropViewController.framework",
				"${BUILT_PRODUCTS_DIR}/EZSwipeController/EZSwipeController.framework",
				"${BUILT_PRODUCTS_DIR}/FBSDKCoreKit/FBSDKCoreKit.framework",
				"${BUILT_PRODUCTS_DIR}/FBSDKLoginKit/FBSDKLoginKit.framework",
				"${BUILT_PRODUCTS_DIR}/FBSDKShareKit/FBSDKShareKit.framework",
				"${BUILT_PRODUCTS_DIR}/FacebookCore/FacebookCore.framework",
				"${BUILT_PRODUCTS_DIR}/FacebookLogin/FacebookLogin.framework",
				"${BUILT_PRODUCTS_DIR}/FacebookShare/FacebookShare.framework",
				"${BUILT_PRODUCTS_DIR}/GTMSessionFetcher/GTMSessionFetcher.framework",
				"${BUILT_PRODUCTS_DIR}/GoogleToolboxForMac/GoogleToolboxForMac.framework",
				"${BUILT_PRODUCTS_DIR}/IQKeyboardManagerSwift/IQKeyboardManagerSwift.framework",
				"${BUILT_PRODUCTS_DIR}/Koloda/Koloda.framework",
				"${BUILT_PRODUCTS_DIR}/MessageKit/MessageKit.framework",
				"${BUILT_PRODUCTS_DIR}/Protobuf/Protobuf.framework",
				"${BUILT_PRODUCTS_DIR}/SwiftGifOrigin/SwiftGifOrigin.framework",
				"${BUILT_PRODUCTS_DIR}/gRPC/GRPCClient.framework",
				"${BUILT_PRODUCTS_DIR}/gRPC-Core/grpc.framework",
				"${BUILT_PRODUCTS_DIR}/gRPC-ProtoRPC/ProtoRPC.framework",
				"${BUILT_PRODUCTS_DIR}/gRPC-RxLibrary/RxLibrary.framework",
				"${BUILT_PRODUCTS_DIR}/leveldb-library/leveldb.framework",
				"${BUILT_PRODUCTS_DIR}/nanopb/nanopb.framework",
				"${BUILT_PRODUCTS_DIR}/pop/pop.framework",
			);
			name = "[CP] Embed Pods Frameworks";
			outputPaths = (
				"${TARGET_BUILD_DIR}/${FRAMEWORKS_FOLDER_PATH}/Alamofire.framework",
				"${TARGET_BUILD_DIR}/${FRAMEWORKS_FOLDER_PATH}/AlamofireImage.framework",
				"${TARGET_BUILD_DIR}/${FRAMEWORKS_FOLDER_PATH}/Bolts.framework",
				"${TARGET_BUILD_DIR}/${FRAMEWORKS_FOLDER_PATH}/openssl.framework",
				"${TARGET_BUILD_DIR}/${FRAMEWORKS_FOLDER_PATH}/BubbleTransition.framework",
				"${TARGET_BUILD_DIR}/${FRAMEWORKS_FOLDER_PATH}/CropViewController.framework",
				"${TARGET_BUILD_DIR}/${FRAMEWORKS_FOLDER_PATH}/EZSwipeController.framework",
				"${TARGET_BUILD_DIR}/${FRAMEWORKS_FOLDER_PATH}/FBSDKCoreKit.framework",
				"${TARGET_BUILD_DIR}/${FRAMEWORKS_FOLDER_PATH}/FBSDKLoginKit.framework",
				"${TARGET_BUILD_DIR}/${FRAMEWORKS_FOLDER_PATH}/FBSDKShareKit.framework",
				"${TARGET_BUILD_DIR}/${FRAMEWORKS_FOLDER_PATH}/FacebookCore.framework",
				"${TARGET_BUILD_DIR}/${FRAMEWORKS_FOLDER_PATH}/FacebookLogin.framework",
				"${TARGET_BUILD_DIR}/${FRAMEWORKS_FOLDER_PATH}/FacebookShare.framework",
				"${TARGET_BUILD_DIR}/${FRAMEWORKS_FOLDER_PATH}/GTMSessionFetcher.framework",
				"${TARGET_BUILD_DIR}/${FRAMEWORKS_FOLDER_PATH}/GoogleToolboxForMac.framework",
				"${TARGET_BUILD_DIR}/${FRAMEWORKS_FOLDER_PATH}/IQKeyboardManagerSwift.framework",
				"${TARGET_BUILD_DIR}/${FRAMEWORKS_FOLDER_PATH}/Koloda.framework",
				"${TARGET_BUILD_DIR}/${FRAMEWORKS_FOLDER_PATH}/MessageKit.framework",
				"${TARGET_BUILD_DIR}/${FRAMEWORKS_FOLDER_PATH}/Protobuf.framework",
				"${TARGET_BUILD_DIR}/${FRAMEWORKS_FOLDER_PATH}/SwiftGifOrigin.framework",
				"${TARGET_BUILD_DIR}/${FRAMEWORKS_FOLDER_PATH}/GRPCClient.framework",
				"${TARGET_BUILD_DIR}/${FRAMEWORKS_FOLDER_PATH}/grpc.framework",
				"${TARGET_BUILD_DIR}/${FRAMEWORKS_FOLDER_PATH}/ProtoRPC.framework",
				"${TARGET_BUILD_DIR}/${FRAMEWORKS_FOLDER_PATH}/RxLibrary.framework",
				"${TARGET_BUILD_DIR}/${FRAMEWORKS_FOLDER_PATH}/leveldb.framework",
				"${TARGET_BUILD_DIR}/${FRAMEWORKS_FOLDER_PATH}/nanopb.framework",
				"${TARGET_BUILD_DIR}/${FRAMEWORKS_FOLDER_PATH}/pop.framework",
			);
			runOnlyForDeploymentPostprocessing = 0;
			shellPath = /bin/sh;
			shellScript = "\"${SRCROOT}/Pods/Target Support Files/Pods-unicon/Pods-unicon-frameworks.sh\"\n";
			showEnvVarsInLog = 0;
		};
/* End PBXShellScriptBuildPhase section */

/* Begin PBXSourcesBuildPhase section */
		20522ECD20F1E8F20072CF1D /* Sources */ = {
			isa = PBXSourcesBuildPhase;
			buildActionMask = 2147483647;
			files = (
				20522ECE20F1E8F20072CF1D /* EditMyProfileViewController.swift in Sources */,
				20522ECF20F1E8F20072CF1D /* Constants.swift in Sources */,
				20522ED020F1E8F20072CF1D /* SelectTeamViewController.swift in Sources */,
				20522ED120F1E8F20072CF1D /* MyProfileViewController.swift in Sources */,
				20522ED220F1E8F20072CF1D /* SetTeamNameViewController.swift in Sources */,
				20522ED320F1E8F20072CF1D /* TeamListTableViewCell.swift in Sources */,
				20522ED420F1E8F20072CF1D /* MatchingViewController.swift in Sources */,
				20522ED520F1E8F20072CF1D /* CropImageViewController.swift in Sources */,
				20522ED620F1E8F20072CF1D /* Storyboard+Utility.siwft.swift in Sources */,
				20522ED720F1E8F20072CF1D /* SetTeamIntroViewController.swift in Sources */,
				20522ED820F1E8F20072CF1D /* TeamService.swift in Sources */,
				439A164420F340330028490A /* SingleChatViewController.swift in Sources */,
				20522ED920F1E8F20072CF1D /* LoginViewController.swift in Sources */,
				20522EDA20F1E8F20072CF1D /* SelectGenderViewController.swift in Sources */,
				20522EDB20F1E8F20072CF1D /* UCPaginationHelper.swift in Sources */,
				20522EDC20F1E8F20072CF1D /* User.swift in Sources */,
				20522EDD20F1E8F20072CF1D /* CardViewHelper.swift in Sources */,
				20522EDE20F1E8F20072CF1D /* TeamCollectionViewCell.swift in Sources */,
				20522EDF20F1E8F20072CF1D /* SelectGenderModalViewController.swift in Sources */,
				20522EE020F1E8F20072CF1D /* ChatViewController.swift in Sources */,
				20522EE120F1E8F20072CF1D /* UIExtention.swift in Sources */,
				439A164D20F344E80028490A /* MockMessage.swift in Sources */,
				20522EE220F1E8F20072CF1D /* Team.swift in Sources */,
				43E3552920F33B1C00722369 /* ChatListTableViewCell.swift in Sources */,
				20522EE320F1E8F20072CF1D /* UserHelper.swift in Sources */,
				20522EE420F1E8F20072CF1D /* SetTeamImageViewController.swift in Sources */,
				20522EE520F1E8F20072CF1D /* CardView.swift in Sources */,
				20522EE620F1E8F20072CF1D /* EditTeamProfileViewController.swift in Sources */,
				20522EE720F1E8F20072CF1D /* CreateOrJoinViewController.swift in Sources */,
				20522EE820F1E8F20072CF1D /* AppDelegate.swift in Sources */,
				20522EE920F1E8F20072CF1D /* JoinTeamViewController.swift in Sources */,
				20522EEA20F1E8F20072CF1D /* UserExtention.swift in Sources */,
				20522EEB20F1E8F20072CF1D /* StorageReference+Image.swift in Sources */,
				20522EEC20F1E8F20072CF1D /* NewTeamViewController.swift in Sources */,
				20522EED20F1E8F20072CF1D /* InviteMemberViewController.swift in Sources */,
				20522EEE20F1E8F20072CF1D /* UserService.swift in Sources */,
				20522EEF20F1E8F20072CF1D /* SingleTeamViewController.swift in Sources */,
				20522EF020F1E8F20072CF1D /* MemberTableViewCell.swift in Sources */,
				20522EF120F1E8F20072CF1D /* CamerarollViewController.swift in Sources */,
				20522EF220F1E8F20072CF1D /* ProfileViewController.swift in Sources */,
				20522EF320F1E8F20072CF1D /* StorageService.swift in Sources */,
				20522EF420F1E8F20072CF1D /* CameraRollCollectionViewCell.swift in Sources */,
			);
			runOnlyForDeploymentPostprocessing = 0;
		};
		43A5D3F720D4EF68004612D4 /* Sources */ = {
			isa = PBXSourcesBuildPhase;
			buildActionMask = 2147483647;
			files = (
				43E5C03120ECB34200948D1A /* EditMyProfileViewController.swift in Sources */,
				43C6C70F20EF5C4A0053FCD2 /* Constants.swift in Sources */,
				43E5C02F20E887E800948D1A /* SelectTeamViewController.swift in Sources */,
				435727D720E47C9700720C41 /* MyProfileViewController.swift in Sources */,
				43222D0F20D67D2600B3DB50 /* SetTeamNameViewController.swift in Sources */,
				43E5C02C20E885B300948D1A /* TeamListTableViewCell.swift in Sources */,
				2037633520D8F8D200A86A75 /* MatchingViewController.swift in Sources */,
				4338827A20E7777E0057B55E /* CropImageViewController.swift in Sources */,
				43222D0020D6270300B3DB50 /* Storyboard+Utility.siwft.swift in Sources */,
				43222D1820D7B9C700B3DB50 /* SetTeamIntroViewController.swift in Sources */,
				432FA1D520D8F24A0058A744 /* TeamService.swift in Sources */,
				439A164320F340330028490A /* SingleChatViewController.swift in Sources */,
				43222CF820D623EA00B3DB50 /* LoginViewController.swift in Sources */,
				43222D1420D7B8E400B3DB50 /* SelectGenderViewController.swift in Sources */,
				43C6C70920EF5B9D0053FCD2 /* UCPaginationHelper.swift in Sources */,
				4360356720DB41D80092361A /* User.swift in Sources */,
				43C6C70720EF5B9D0053FCD2 /* CardViewHelper.swift in Sources */,
				438045F720E1FCA200FF6BF4 /* TeamCollectionViewCell.swift in Sources */,
				43C6C71820EF86350053FCD2 /* SelectGenderModalViewController.swift in Sources */,
				202F29FB20DF8523001C8210 /* ChatViewController.swift in Sources */,
				436C5D5B20DCE6B10002B3AA /* UIExtention.swift in Sources */,
				439A164C20F344E80028490A /* MockMessage.swift in Sources */,
				4360357020DB8D700092361A /* Team.swift in Sources */,
				43E3552820F33B1C00722369 /* ChatListTableViewCell.swift in Sources */,
				43C6C70820EF5B9D0053FCD2 /* UserHelper.swift in Sources */,
				43222D1620D7B93400B3DB50 /* SetTeamImageViewController.swift in Sources */,
				202F29F720DF7F9A001C8210 /* CardView.swift in Sources */,
				43C6C70220EF4DBA0053FCD2 /* EditTeamProfileViewController.swift in Sources */,
				43222D0920D6555A00B3DB50 /* CreateOrJoinViewController.swift in Sources */,
				43A5D3FF20D4EF69004612D4 /* AppDelegate.swift in Sources */,
				4360357420DC9C950092361A /* JoinTeamViewController.swift in Sources */,
				43222D0720D6518900B3DB50 /* UserExtention.swift in Sources */,
				432FA1DA20D8F4B20058A744 /* StorageReference+Image.swift in Sources */,
				43222D1220D7684E00B3DB50 /* NewTeamViewController.swift in Sources */,
				4325E51520D7BBF6001C7289 /* InviteMemberViewController.swift in Sources */,
				4360356E20DB78AD0092361A /* UserService.swift in Sources */,
				4360357720DCC8A80092361A /* SingleTeamViewController.swift in Sources */,
				43C6C71520EF5E830053FCD2 /* MemberTableViewCell.swift in Sources */,
				4338827120E755570057B55E /* CamerarollViewController.swift in Sources */,
				43222CFE20D625D500B3DB50 /* ProfileViewController.swift in Sources */,
				432FA1D820D8F43D0058A744 /* StorageService.swift in Sources */,
				4338827720E756F60057B55E /* CameraRollCollectionViewCell.swift in Sources */,
			);
			runOnlyForDeploymentPostprocessing = 0;
		};
		43A5D40B20D4EF6B004612D4 /* Sources */ = {
			isa = PBXSourcesBuildPhase;
			buildActionMask = 2147483647;
			files = (
				43A5D41420D4EF6B004612D4 /* uniconTests.swift in Sources */,
			);
			runOnlyForDeploymentPostprocessing = 0;
		};
		43A5D41620D4EF6B004612D4 /* Sources */ = {
			isa = PBXSourcesBuildPhase;
			buildActionMask = 2147483647;
			files = (
				43A5D41F20D4EF6B004612D4 /* uniconUITests.swift in Sources */,
			);
			runOnlyForDeploymentPostprocessing = 0;
		};
/* End PBXSourcesBuildPhase section */

/* Begin PBXTargetDependency section */
		43A5D41120D4EF6B004612D4 /* PBXTargetDependency */ = {
			isa = PBXTargetDependency;
			target = 43A5D3FA20D4EF68004612D4 /* unicon */;
			targetProxy = 43A5D41020D4EF6B004612D4 /* PBXContainerItemProxy */;
		};
		43A5D41C20D4EF6B004612D4 /* PBXTargetDependency */ = {
			isa = PBXTargetDependency;
			target = 43A5D3FA20D4EF68004612D4 /* unicon */;
			targetProxy = 43A5D41B20D4EF6B004612D4 /* PBXContainerItemProxy */;
		};
/* End PBXTargetDependency section */

/* Begin PBXVariantGroup section */
		43A5D40720D4EF6B004612D4 /* LaunchScreen.storyboard */ = {
			isa = PBXVariantGroup;
			children = (
				43A5D40820D4EF6B004612D4 /* Base */,
			);
			name = LaunchScreen.storyboard;
			sourceTree = "<group>";
		};
/* End PBXVariantGroup section */

/* Begin XCBuildConfiguration section */
		20522F1520F1E8F20072CF1D /* Debug */ = {
			isa = XCBuildConfiguration;
			buildSettings = {
				ASSETCATALOG_COMPILER_APPICON_NAME = AppIcon;
				CODE_SIGN_STYLE = Automatic;
				DEVELOPMENT_TEAM = 6Z8242LF74;
				INFOPLIST_FILE = "$(SRCROOT)/unicon-dev-Info.plist";
				IPHONEOS_DEPLOYMENT_TARGET = 10.3;
				LD_RUNPATH_SEARCH_PATHS = (
					"$(inherited)",
					"@executable_path/Frameworks",
				);
				PRODUCT_BUNDLE_IDENTIFIER = "tokyo.imagine.unicon-dev";
				PRODUCT_NAME = "$(TARGET_NAME)";
				SWIFT_VERSION = 4.0;
				TARGETED_DEVICE_FAMILY = "1,2";
			};
			name = Debug;
		};
		20522F1620F1E8F20072CF1D /* Release */ = {
			isa = XCBuildConfiguration;
			buildSettings = {
				ASSETCATALOG_COMPILER_APPICON_NAME = AppIcon;
				CODE_SIGN_STYLE = Automatic;
				DEVELOPMENT_TEAM = 6Z8242LF74;
				INFOPLIST_FILE = "$(SRCROOT)/unicon-dev-Info.plist";
				IPHONEOS_DEPLOYMENT_TARGET = 10.3;
				LD_RUNPATH_SEARCH_PATHS = (
					"$(inherited)",
					"@executable_path/Frameworks",
				);
				PRODUCT_BUNDLE_IDENTIFIER = "tokyo.imagine.unicon-dev";
				PRODUCT_NAME = "$(TARGET_NAME)";
				SWIFT_VERSION = 4.0;
				TARGETED_DEVICE_FAMILY = "1,2";
			};
			name = Release;
		};
		43A5D42120D4EF6B004612D4 /* Debug */ = {
			isa = XCBuildConfiguration;
			buildSettings = {
				ALWAYS_SEARCH_USER_PATHS = NO;
				CLANG_ANALYZER_NONNULL = YES;
				CLANG_ANALYZER_NUMBER_OBJECT_CONVERSION = YES_AGGRESSIVE;
				CLANG_CXX_LANGUAGE_STANDARD = "gnu++14";
				CLANG_CXX_LIBRARY = "libc++";
				CLANG_ENABLE_MODULES = YES;
				CLANG_ENABLE_OBJC_ARC = YES;
				CLANG_ENABLE_OBJC_WEAK = YES;
				CLANG_WARN_BLOCK_CAPTURE_AUTORELEASING = YES;
				CLANG_WARN_BOOL_CONVERSION = YES;
				CLANG_WARN_COMMA = YES;
				CLANG_WARN_CONSTANT_CONVERSION = YES;
				CLANG_WARN_DEPRECATED_OBJC_IMPLEMENTATIONS = YES;
				CLANG_WARN_DIRECT_OBJC_ISA_USAGE = YES_ERROR;
				CLANG_WARN_DOCUMENTATION_COMMENTS = YES;
				CLANG_WARN_EMPTY_BODY = YES;
				CLANG_WARN_ENUM_CONVERSION = YES;
				CLANG_WARN_INFINITE_RECURSION = YES;
				CLANG_WARN_INT_CONVERSION = YES;
				CLANG_WARN_NON_LITERAL_NULL_CONVERSION = YES;
				CLANG_WARN_OBJC_IMPLICIT_RETAIN_SELF = YES;
				CLANG_WARN_OBJC_LITERAL_CONVERSION = YES;
				CLANG_WARN_OBJC_ROOT_CLASS = YES_ERROR;
				CLANG_WARN_RANGE_LOOP_ANALYSIS = YES;
				CLANG_WARN_STRICT_PROTOTYPES = YES;
				CLANG_WARN_SUSPICIOUS_MOVE = YES;
				CLANG_WARN_UNGUARDED_AVAILABILITY = YES_AGGRESSIVE;
				CLANG_WARN_UNREACHABLE_CODE = YES;
				CLANG_WARN__DUPLICATE_METHOD_MATCH = YES;
				CODE_SIGN_IDENTITY = "iPhone Developer";
				COPY_PHASE_STRIP = NO;
				DEBUG_INFORMATION_FORMAT = dwarf;
				ENABLE_STRICT_OBJC_MSGSEND = YES;
				ENABLE_TESTABILITY = YES;
				GCC_C_LANGUAGE_STANDARD = gnu11;
				GCC_DYNAMIC_NO_PIC = NO;
				GCC_NO_COMMON_BLOCKS = YES;
				GCC_OPTIMIZATION_LEVEL = 0;
				GCC_PREPROCESSOR_DEFINITIONS = (
					"DEBUG=1",
					"$(inherited)",
				);
				GCC_WARN_64_TO_32_BIT_CONVERSION = YES;
				GCC_WARN_ABOUT_RETURN_TYPE = YES_ERROR;
				GCC_WARN_UNDECLARED_SELECTOR = YES;
				GCC_WARN_UNINITIALIZED_AUTOS = YES_AGGRESSIVE;
				GCC_WARN_UNUSED_FUNCTION = YES;
				GCC_WARN_UNUSED_VARIABLE = YES;
				IPHONEOS_DEPLOYMENT_TARGET = 11.4;
				MTL_ENABLE_DEBUG_INFO = YES;
				ONLY_ACTIVE_ARCH = YES;
				SDKROOT = iphoneos;
				SWIFT_ACTIVE_COMPILATION_CONDITIONS = DEBUG;
				SWIFT_OPTIMIZATION_LEVEL = "-Onone";
			};
			name = Debug;
		};
		43A5D42220D4EF6B004612D4 /* Release */ = {
			isa = XCBuildConfiguration;
			buildSettings = {
				ALWAYS_SEARCH_USER_PATHS = NO;
				CLANG_ANALYZER_NONNULL = YES;
				CLANG_ANALYZER_NUMBER_OBJECT_CONVERSION = YES_AGGRESSIVE;
				CLANG_CXX_LANGUAGE_STANDARD = "gnu++14";
				CLANG_CXX_LIBRARY = "libc++";
				CLANG_ENABLE_MODULES = YES;
				CLANG_ENABLE_OBJC_ARC = YES;
				CLANG_ENABLE_OBJC_WEAK = YES;
				CLANG_WARN_BLOCK_CAPTURE_AUTORELEASING = YES;
				CLANG_WARN_BOOL_CONVERSION = YES;
				CLANG_WARN_COMMA = YES;
				CLANG_WARN_CONSTANT_CONVERSION = YES;
				CLANG_WARN_DEPRECATED_OBJC_IMPLEMENTATIONS = YES;
				CLANG_WARN_DIRECT_OBJC_ISA_USAGE = YES_ERROR;
				CLANG_WARN_DOCUMENTATION_COMMENTS = YES;
				CLANG_WARN_EMPTY_BODY = YES;
				CLANG_WARN_ENUM_CONVERSION = YES;
				CLANG_WARN_INFINITE_RECURSION = YES;
				CLANG_WARN_INT_CONVERSION = YES;
				CLANG_WARN_NON_LITERAL_NULL_CONVERSION = YES;
				CLANG_WARN_OBJC_IMPLICIT_RETAIN_SELF = YES;
				CLANG_WARN_OBJC_LITERAL_CONVERSION = YES;
				CLANG_WARN_OBJC_ROOT_CLASS = YES_ERROR;
				CLANG_WARN_RANGE_LOOP_ANALYSIS = YES;
				CLANG_WARN_STRICT_PROTOTYPES = YES;
				CLANG_WARN_SUSPICIOUS_MOVE = YES;
				CLANG_WARN_UNGUARDED_AVAILABILITY = YES_AGGRESSIVE;
				CLANG_WARN_UNREACHABLE_CODE = YES;
				CLANG_WARN__DUPLICATE_METHOD_MATCH = YES;
				CODE_SIGN_IDENTITY = "iPhone Developer";
				COPY_PHASE_STRIP = NO;
				DEBUG_INFORMATION_FORMAT = "dwarf-with-dsym";
				ENABLE_NS_ASSERTIONS = NO;
				ENABLE_STRICT_OBJC_MSGSEND = YES;
				GCC_C_LANGUAGE_STANDARD = gnu11;
				GCC_NO_COMMON_BLOCKS = YES;
				GCC_WARN_64_TO_32_BIT_CONVERSION = YES;
				GCC_WARN_ABOUT_RETURN_TYPE = YES_ERROR;
				GCC_WARN_UNDECLARED_SELECTOR = YES;
				GCC_WARN_UNINITIALIZED_AUTOS = YES_AGGRESSIVE;
				GCC_WARN_UNUSED_FUNCTION = YES;
				GCC_WARN_UNUSED_VARIABLE = YES;
				IPHONEOS_DEPLOYMENT_TARGET = 11.4;
				MTL_ENABLE_DEBUG_INFO = NO;
				SDKROOT = iphoneos;
				SWIFT_COMPILATION_MODE = wholemodule;
				SWIFT_OPTIMIZATION_LEVEL = "-O";
				VALIDATE_PRODUCT = YES;
			};
			name = Release;
		};
		43A5D42420D4EF6B004612D4 /* Debug */ = {
			isa = XCBuildConfiguration;
			baseConfigurationReference = 6949FB9FFDF775F950A0707B /* Pods-unicon.debug.xcconfig */;
			buildSettings = {
				ASSETCATALOG_COMPILER_APPICON_NAME = AppIcon;
				CODE_SIGN_STYLE = Automatic;
				DEVELOPMENT_TEAM = 6Z8242LF74;
				INFOPLIST_FILE = "$(SRCROOT)/unicon/Supporting Files/unicon/Info.plist";
				IPHONEOS_DEPLOYMENT_TARGET = 10.3;
				LD_RUNPATH_SEARCH_PATHS = (
					"$(inherited)",
					"@executable_path/Frameworks",
				);
				PRODUCT_BUNDLE_IDENTIFIER = tokyo.imagine.unicon;
				PRODUCT_NAME = "$(TARGET_NAME)";
				SWIFT_VERSION = 4.0;
				TARGETED_DEVICE_FAMILY = "1,2";
			};
			name = Debug;
		};
		43A5D42520D4EF6B004612D4 /* Release */ = {
			isa = XCBuildConfiguration;
			baseConfigurationReference = E98F52CEA057CD89832CD7C1 /* Pods-unicon.release.xcconfig */;
			buildSettings = {
				ASSETCATALOG_COMPILER_APPICON_NAME = AppIcon;
				CODE_SIGN_STYLE = Automatic;
				DEVELOPMENT_TEAM = 6Z8242LF74;
				INFOPLIST_FILE = "$(SRCROOT)/unicon/Supporting Files/unicon/Info.plist";
				IPHONEOS_DEPLOYMENT_TARGET = 10.3;
				LD_RUNPATH_SEARCH_PATHS = (
					"$(inherited)",
					"@executable_path/Frameworks",
				);
				PRODUCT_BUNDLE_IDENTIFIER = tokyo.imagine.unicon;
				PRODUCT_NAME = "$(TARGET_NAME)";
				SWIFT_VERSION = 4.0;
				TARGETED_DEVICE_FAMILY = "1,2";
			};
			name = Release;
		};
		43A5D42720D4EF6B004612D4 /* Debug */ = {
			isa = XCBuildConfiguration;
			baseConfigurationReference = 0BC9CBD621C5F9265C50ECA4 /* Pods-uniconTests.debug.xcconfig */;
			buildSettings = {
				ALWAYS_EMBED_SWIFT_STANDARD_LIBRARIES = YES;
				BUNDLE_LOADER = "$(TEST_HOST)";
				CODE_SIGN_STYLE = Automatic;
				DEVELOPMENT_TEAM = C3FK994J42;
				INFOPLIST_FILE = uniconTests/Info.plist;
				LD_RUNPATH_SEARCH_PATHS = (
					"$(inherited)",
					"@executable_path/Frameworks",
					"@loader_path/Frameworks",
				);
				PRODUCT_BUNDLE_IDENTIFIER = tokyo.imaginez.uniconTests;
				PRODUCT_NAME = "$(TARGET_NAME)";
				SWIFT_VERSION = 4.0;
				TARGETED_DEVICE_FAMILY = "1,2";
				TEST_HOST = "$(BUILT_PRODUCTS_DIR)/unicon.app/unicon";
			};
			name = Debug;
		};
		43A5D42820D4EF6B004612D4 /* Release */ = {
			isa = XCBuildConfiguration;
			baseConfigurationReference = B43F3BA6ACA5D7E8B38D8DEE /* Pods-uniconTests.release.xcconfig */;
			buildSettings = {
				ALWAYS_EMBED_SWIFT_STANDARD_LIBRARIES = YES;
				BUNDLE_LOADER = "$(TEST_HOST)";
				CODE_SIGN_STYLE = Automatic;
				DEVELOPMENT_TEAM = C3FK994J42;
				INFOPLIST_FILE = uniconTests/Info.plist;
				LD_RUNPATH_SEARCH_PATHS = (
					"$(inherited)",
					"@executable_path/Frameworks",
					"@loader_path/Frameworks",
				);
				PRODUCT_BUNDLE_IDENTIFIER = tokyo.imaginez.uniconTests;
				PRODUCT_NAME = "$(TARGET_NAME)";
				SWIFT_VERSION = 4.0;
				TARGETED_DEVICE_FAMILY = "1,2";
				TEST_HOST = "$(BUILT_PRODUCTS_DIR)/unicon.app/unicon";
			};
			name = Release;
		};
		43A5D42A20D4EF6B004612D4 /* Debug */ = {
			isa = XCBuildConfiguration;
			baseConfigurationReference = 4C6DCD3199F2051B3F94E199 /* Pods-uniconUITests.debug.xcconfig */;
			buildSettings = {
				ALWAYS_EMBED_SWIFT_STANDARD_LIBRARIES = YES;
				CODE_SIGN_STYLE = Automatic;
				DEVELOPMENT_TEAM = C3FK994J42;
				INFOPLIST_FILE = uniconUITests/Info.plist;
				LD_RUNPATH_SEARCH_PATHS = (
					"$(inherited)",
					"@executable_path/Frameworks",
					"@loader_path/Frameworks",
				);
				PRODUCT_BUNDLE_IDENTIFIER = tokyo.imaginez.uniconUITests;
				PRODUCT_NAME = "$(TARGET_NAME)";
				SWIFT_VERSION = 4.0;
				TARGETED_DEVICE_FAMILY = "1,2";
				TEST_TARGET_NAME = unicon;
			};
			name = Debug;
		};
		43A5D42B20D4EF6B004612D4 /* Release */ = {
			isa = XCBuildConfiguration;
			baseConfigurationReference = 3E52A37223596E89EEAB8C73 /* Pods-uniconUITests.release.xcconfig */;
			buildSettings = {
				ALWAYS_EMBED_SWIFT_STANDARD_LIBRARIES = YES;
				CODE_SIGN_STYLE = Automatic;
				DEVELOPMENT_TEAM = C3FK994J42;
				INFOPLIST_FILE = uniconUITests/Info.plist;
				LD_RUNPATH_SEARCH_PATHS = (
					"$(inherited)",
					"@executable_path/Frameworks",
					"@loader_path/Frameworks",
				);
				PRODUCT_BUNDLE_IDENTIFIER = tokyo.imaginez.uniconUITests;
				PRODUCT_NAME = "$(TARGET_NAME)";
				SWIFT_VERSION = 4.0;
				TARGETED_DEVICE_FAMILY = "1,2";
				TEST_TARGET_NAME = unicon;
			};
			name = Release;
		};
/* End XCBuildConfiguration section */

/* Begin XCConfigurationList section */
		20522F1420F1E8F20072CF1D /* Build configuration list for PBXNativeTarget "unicon-dev" */ = {
			isa = XCConfigurationList;
			buildConfigurations = (
				20522F1520F1E8F20072CF1D /* Debug */,
				20522F1620F1E8F20072CF1D /* Release */,
			);
			defaultConfigurationIsVisible = 0;
			defaultConfigurationName = Release;
		};
		43A5D3F620D4EF68004612D4 /* Build configuration list for PBXProject "unicon" */ = {
			isa = XCConfigurationList;
			buildConfigurations = (
				43A5D42120D4EF6B004612D4 /* Debug */,
				43A5D42220D4EF6B004612D4 /* Release */,
			);
			defaultConfigurationIsVisible = 0;
			defaultConfigurationName = Release;
		};
		43A5D42320D4EF6B004612D4 /* Build configuration list for PBXNativeTarget "unicon" */ = {
			isa = XCConfigurationList;
			buildConfigurations = (
				43A5D42420D4EF6B004612D4 /* Debug */,
				43A5D42520D4EF6B004612D4 /* Release */,
			);
			defaultConfigurationIsVisible = 0;
			defaultConfigurationName = Release;
		};
		43A5D42620D4EF6B004612D4 /* Build configuration list for PBXNativeTarget "uniconTests" */ = {
			isa = XCConfigurationList;
			buildConfigurations = (
				43A5D42720D4EF6B004612D4 /* Debug */,
				43A5D42820D4EF6B004612D4 /* Release */,
			);
			defaultConfigurationIsVisible = 0;
			defaultConfigurationName = Release;
		};
		43A5D42920D4EF6B004612D4 /* Build configuration list for PBXNativeTarget "uniconUITests" */ = {
			isa = XCConfigurationList;
			buildConfigurations = (
				43A5D42A20D4EF6B004612D4 /* Debug */,
				43A5D42B20D4EF6B004612D4 /* Release */,
			);
			defaultConfigurationIsVisible = 0;
			defaultConfigurationName = Release;
		};
/* End XCConfigurationList section */
	};
	rootObject = 43A5D3F320D4EF68004612D4 /* Project object */;
}
